// !$*UTF8*$!
{
	archiveVersion = 1;
	classes = {
	};
	objectVersion = 55;
	objects = {

/* Begin PBXBuildFile section */
		62F6873D285CBCC200F45564 /* StartViews.swift in Sources */ = {isa = PBXBuildFile; fileRef = 62F6873C285CBCC200F45564 /* StartViews.swift */; };
		62F68741285CC30B00F45564 /* DataRewards.swift in Sources */ = {isa = PBXBuildFile; fileRef = 62F68740285CC30B00F45564 /* DataRewards.swift */; };
		62F68743285CC5C300F45564 /* ButtonReward.swift in Sources */ = {isa = PBXBuildFile; fileRef = 62F68742285CC5C300F45564 /* ButtonReward.swift */; };
		62F68745285CC90C00F45564 /* ButtonDon.swift in Sources */ = {isa = PBXBuildFile; fileRef = 62F68744285CC90C00F45564 /* ButtonDon.swift */; };
		62F68747285CCAE100F45564 /* ScrollPurchase.swift in Sources */ = {isa = PBXBuildFile; fileRef = 62F68746285CCAE100F45564 /* ScrollPurchase.swift */; };
		62F68749285CCD2700F45564 /* ScrollBonAchat.swift in Sources */ = {isa = PBXBuildFile; fileRef = 62F68748285CCD2700F45564 /* ScrollBonAchat.swift */; };
		62F6874B285CD8F500F45564 /* TopScreen.swift in Sources */ = {isa = PBXBuildFile; fileRef = 62F6874A285CD8F500F45564 /* TopScreen.swift */; };
		62F6874D285CD97C00F45564 /* DetailBonAchat.swift in Sources */ = {isa = PBXBuildFile; fileRef = 62F6874C285CD97C00F45564 /* DetailBonAchat.swift */; };
		62F6874F285CDAB600F45564 /* ScrollPayment.swift in Sources */ = {isa = PBXBuildFile; fileRef = 62F6874E285CDAB600F45564 /* ScrollPayment.swift */; };
		62F68751285D023900F45564 /* RewardView.swift in Sources */ = {isa = PBXBuildFile; fileRef = 62F68750285D023900F45564 /* RewardView.swift */; };
		62F68753285D03BB00F45564 /* DetailPayment.swift in Sources */ = {isa = PBXBuildFile; fileRef = 62F68752285D03BB00F45564 /* DetailPayment.swift */; };
		62F68755285D075600F45564 /* ButtonPayment.swift in Sources */ = {isa = PBXBuildFile; fileRef = 62F68754285D075600F45564 /* ButtonPayment.swift */; };
		62F68757285D0D0200F45564 /* HistoryView.swift in Sources */ = {isa = PBXBuildFile; fileRef = 62F68756285D0D0200F45564 /* HistoryView.swift */; };
		672E2349285C7A1600EE809C /* EcoMoveApp.swift in Sources */ = {isa = PBXBuildFile; fileRef = 672E2348285C7A1600EE809C /* EcoMoveApp.swift */; };
		672E234B285C7A1600EE809C /* ContentView.swift in Sources */ = {isa = PBXBuildFile; fileRef = 672E234A285C7A1600EE809C /* ContentView.swift */; };
		672E234D285C7A1900EE809C /* Assets.xcassets in Resources */ = {isa = PBXBuildFile; fileRef = 672E234C285C7A1900EE809C /* Assets.xcassets */; };
		672E2350285C7A1900EE809C /* Preview Assets.xcassets in Resources */ = {isa = PBXBuildFile; fileRef = 672E234F285C7A1900EE809C /* Preview Assets.xcassets */; };
		672E2358285C82C300EE809C /* StructReward.swift in Sources */ = {isa = PBXBuildFile; fileRef = 672E2357285C82C300EE809C /* StructReward.swift */; };
		672E235A285C82EA00EE809C /* StructProfile.swift in Sources */ = {isa = PBXBuildFile; fileRef = 672E2359285C82EA00EE809C /* StructProfile.swift */; };
		672E235C285C833C00EE809C /* StructTransport.swift in Sources */ = {isa = PBXBuildFile; fileRef = 672E235B285C833C00EE809C /* StructTransport.swift */; };
		672E235E285C839500EE809C /* StructPoint.swift in Sources */ = {isa = PBXBuildFile; fileRef = 672E235D285C839500EE809C /* StructPoint.swift */; };
		672E2364285CBFA200EE809C /* MaConsoQView.swift in Sources */ = {isa = PBXBuildFile; fileRef = 672E2363285CBFA200EE809C /* MaConsoQView.swift */; };
		676947742862FB9B00EE5C16 /* GraphiquePHView.swift in Sources */ = {isa = PBXBuildFile; fileRef = 676947732862FB9B00EE5C16 /* GraphiquePHView.swift */; };
		67694777286303E100EE5C16 /* GraphiqueEHView.swift in Sources */ = {isa = PBXBuildFile; fileRef = 67694776286303E100EE5C16 /* GraphiqueEHView.swift */; };
		676947962863145400EE5C16 /* GraphiqueEMView.swift in Sources */ = {isa = PBXBuildFile; fileRef = 676947952863145400EE5C16 /* GraphiqueEMView.swift */; };
		676947982863157400EE5C16 /* GraphiquePMView.swift in Sources */ = {isa = PBXBuildFile; fileRef = 676947972863157400EE5C16 /* GraphiquePMView.swift */; };
		6769479A286315F800EE5C16 /* MaConsoMView.swift in Sources */ = {isa = PBXBuildFile; fileRef = 67694799286315F800EE5C16 /* MaConsoMView.swift */; };
		67893C3928606B4700E6D14B /* PickerMaConso.swift in Sources */ = {isa = PBXBuildFile; fileRef = 67893C3828606B4700E6D14B /* PickerMaConso.swift */; };
		67893C3B286071F700E6D14B /* MaconsoView.swift in Sources */ = {isa = PBXBuildFile; fileRef = 67893C3A286071F700E6D14B /* MaconsoView.swift */; };
		67893C3D28607D7100E6D14B /* MaConsoHView.swift in Sources */ = {isa = PBXBuildFile; fileRef = 67893C3C28607D7100E6D14B /* MaConsoHView.swift */; };
		67CB03672862025F007E648C /* Test.swift in Sources */ = {isa = PBXBuildFile; fileRef = 67CB03662862025F007E648C /* Test.swift */; };
		67CB036C2862067D007E648C /* SwiftUICharts in Frameworks */ = {isa = PBXBuildFile; productRef = 67CB036B2862067D007E648C /* SwiftUICharts */; };
/* End PBXBuildFile section */

/* Begin PBXFileReference section */
		62F6873C285CBCC200F45564 /* StartViews.swift */ = {isa = PBXFileReference; lastKnownFileType = sourcecode.swift; path = StartViews.swift; sourceTree = "<group>"; };
		62F68740285CC30B00F45564 /* DataRewards.swift */ = {isa = PBXFileReference; lastKnownFileType = sourcecode.swift; path = DataRewards.swift; sourceTree = "<group>"; };
		62F68742285CC5C300F45564 /* ButtonReward.swift */ = {isa = PBXFileReference; lastKnownFileType = sourcecode.swift; path = ButtonReward.swift; sourceTree = "<group>"; };
		62F68744285CC90C00F45564 /* ButtonDon.swift */ = {isa = PBXFileReference; lastKnownFileType = sourcecode.swift; path = ButtonDon.swift; sourceTree = "<group>"; };
		62F68746285CCAE100F45564 /* ScrollPurchase.swift */ = {isa = PBXFileReference; lastKnownFileType = sourcecode.swift; path = ScrollPurchase.swift; sourceTree = "<group>"; };
		62F68748285CCD2700F45564 /* ScrollBonAchat.swift */ = {isa = PBXFileReference; lastKnownFileType = sourcecode.swift; path = ScrollBonAchat.swift; sourceTree = "<group>"; };
		62F6874A285CD8F500F45564 /* TopScreen.swift */ = {isa = PBXFileReference; lastKnownFileType = sourcecode.swift; path = TopScreen.swift; sourceTree = "<group>"; };
		62F6874C285CD97C00F45564 /* DetailBonAchat.swift */ = {isa = PBXFileReference; lastKnownFileType = sourcecode.swift; path = DetailBonAchat.swift; sourceTree = "<group>"; };
		62F6874E285CDAB600F45564 /* ScrollPayment.swift */ = {isa = PBXFileReference; lastKnownFileType = sourcecode.swift; path = ScrollPayment.swift; sourceTree = "<group>"; };
		62F68750285D023900F45564 /* RewardView.swift */ = {isa = PBXFileReference; lastKnownFileType = sourcecode.swift; path = RewardView.swift; sourceTree = "<group>"; };
		62F68752285D03BB00F45564 /* DetailPayment.swift */ = {isa = PBXFileReference; lastKnownFileType = sourcecode.swift; path = DetailPayment.swift; sourceTree = "<group>"; };
		62F68754285D075600F45564 /* ButtonPayment.swift */ = {isa = PBXFileReference; lastKnownFileType = sourcecode.swift; path = ButtonPayment.swift; sourceTree = "<group>"; };
		62F68756285D0D0200F45564 /* HistoryView.swift */ = {isa = PBXFileReference; lastKnownFileType = sourcecode.swift; path = HistoryView.swift; sourceTree = "<group>"; };
		672E2345285C7A1600EE809C /* EcoMove.app */ = {isa = PBXFileReference; explicitFileType = wrapper.application; includeInIndex = 0; path = EcoMove.app; sourceTree = BUILT_PRODUCTS_DIR; };
		672E2348285C7A1600EE809C /* EcoMoveApp.swift */ = {isa = PBXFileReference; lastKnownFileType = sourcecode.swift; path = EcoMoveApp.swift; sourceTree = "<group>"; };
		672E234A285C7A1600EE809C /* ContentView.swift */ = {isa = PBXFileReference; lastKnownFileType = sourcecode.swift; path = ContentView.swift; sourceTree = "<group>"; };
		672E234C285C7A1900EE809C /* Assets.xcassets */ = {isa = PBXFileReference; lastKnownFileType = folder.assetcatalog; path = Assets.xcassets; sourceTree = "<group>"; };
		672E234F285C7A1900EE809C /* Preview Assets.xcassets */ = {isa = PBXFileReference; lastKnownFileType = folder.assetcatalog; path = "Preview Assets.xcassets"; sourceTree = "<group>"; };
		672E2357285C82C300EE809C /* StructReward.swift */ = {isa = PBXFileReference; lastKnownFileType = sourcecode.swift; path = StructReward.swift; sourceTree = "<group>"; };
		672E2359285C82EA00EE809C /* StructProfile.swift */ = {isa = PBXFileReference; lastKnownFileType = sourcecode.swift; path = StructProfile.swift; sourceTree = "<group>"; };
		672E235B285C833C00EE809C /* StructTransport.swift */ = {isa = PBXFileReference; lastKnownFileType = sourcecode.swift; path = StructTransport.swift; sourceTree = "<group>"; };
		672E235D285C839500EE809C /* StructPoint.swift */ = {isa = PBXFileReference; lastKnownFileType = sourcecode.swift; path = StructPoint.swift; sourceTree = "<group>"; };
		672E2363285CBFA200EE809C /* MaConsoQView.swift */ = {isa = PBXFileReference; lastKnownFileType = sourcecode.swift; path = MaConsoQView.swift; sourceTree = "<group>"; };
		676947732862FB9B00EE5C16 /* GraphiquePHView.swift */ = {isa = PBXFileReference; lastKnownFileType = sourcecode.swift; path = GraphiquePHView.swift; sourceTree = "<group>"; };
		67694776286303E100EE5C16 /* GraphiqueEHView.swift */ = {isa = PBXFileReference; lastKnownFileType = sourcecode.swift; path = GraphiqueEHView.swift; sourceTree = "<group>"; };
		676947952863145400EE5C16 /* GraphiqueEMView.swift */ = {isa = PBXFileReference; lastKnownFileType = sourcecode.swift; path = GraphiqueEMView.swift; sourceTree = "<group>"; };
		676947972863157400EE5C16 /* GraphiquePMView.swift */ = {isa = PBXFileReference; lastKnownFileType = sourcecode.swift; path = GraphiquePMView.swift; sourceTree = "<group>"; };
		67694799286315F800EE5C16 /* MaConsoMView.swift */ = {isa = PBXFileReference; lastKnownFileType = sourcecode.swift; path = MaConsoMView.swift; sourceTree = "<group>"; };
		67893C3828606B4700E6D14B /* PickerMaConso.swift */ = {isa = PBXFileReference; lastKnownFileType = sourcecode.swift; path = PickerMaConso.swift; sourceTree = "<group>"; };
		67893C3A286071F700E6D14B /* MaconsoView.swift */ = {isa = PBXFileReference; lastKnownFileType = sourcecode.swift; path = MaconsoView.swift; sourceTree = "<group>"; };
		67893C3C28607D7100E6D14B /* MaConsoHView.swift */ = {isa = PBXFileReference; lastKnownFileType = sourcecode.swift; path = MaConsoHView.swift; sourceTree = "<group>"; };
		67CB03662862025F007E648C /* Test.swift */ = {isa = PBXFileReference; lastKnownFileType = sourcecode.swift; name = Test.swift; path = ../Test.swift; sourceTree = "<group>"; };
/* End PBXFileReference section */

/* Begin PBXFrameworksBuildPhase section */
		672E2342285C7A1600EE809C /* Frameworks */ = {
			isa = PBXFrameworksBuildPhase;
			buildActionMask = 2147483647;
			files = (
				67CB036C2862067D007E648C /* SwiftUICharts in Frameworks */,
			);
			runOnlyForDeploymentPostprocessing = 0;
		};
/* End PBXFrameworksBuildPhase section */

/* Begin PBXGroup section */
		62A8C32A285DA4ED00CE251E /* Models */ = {
			isa = PBXGroup;
			children = (
				62F68740285CC30B00F45564 /* DataRewards.swift */,
			);
			path = Models;
			sourceTree = "<group>";
		};
		62A8C32B285DA50000CE251E /* Views */ = {
			isa = PBXGroup;
			children = (
				62F6873C285CBCC200F45564 /* StartViews.swift */,
				62F68742285CC5C300F45564 /* ButtonReward.swift */,
				62F68744285CC90C00F45564 /* ButtonDon.swift */,
				62F68746285CCAE100F45564 /* ScrollPurchase.swift */,
				62F68748285CCD2700F45564 /* ScrollBonAchat.swift */,
				62F6874C285CD97C00F45564 /* DetailBonAchat.swift */,
				62F6874E285CDAB600F45564 /* ScrollPayment.swift */,
				62F68752285D03BB00F45564 /* DetailPayment.swift */,
				62F6874A285CD8F500F45564 /* TopScreen.swift */,
				62F68756285D0D0200F45564 /* HistoryView.swift */,
				62F68750285D023900F45564 /* RewardView.swift */,
				62F68754285D075600F45564 /* ButtonPayment.swift */,
			);
			path = Views;
			sourceTree = "<group>";
		};
		672E233C285C7A1600EE809C = {
			isa = PBXGroup;
			children = (
				672E2356285C7EE300EE809C /* Struct */,
				672E2347285C7A1600EE809C /* EcoMove */,
				672E2346285C7A1600EE809C /* Products */,
			);
			sourceTree = "<group>";
		};
		672E2346285C7A1600EE809C /* Products */ = {
			isa = PBXGroup;
			children = (
				672E2345285C7A1600EE809C /* EcoMove.app */,
			);
			name = Products;
			sourceTree = "<group>";
		};
		672E2347285C7A1600EE809C /* EcoMove */ = {
			isa = PBXGroup;
			children = (
				67893C3028605A1E00E6D14B /* MaConso */,
				672E2348285C7A1600EE809C /* EcoMoveApp.swift */,
				672E234A285C7A1600EE809C /* ContentView.swift */,
				62F6873C285CBCC200F45564 /* StartViews.swift */,
				67CB03662862025F007E648C /* Test.swift */,
				62F68740285CC30B00F45564 /* DataRewards.swift */,
				62F68742285CC5C300F45564 /* ButtonReward.swift */,
				62F68744285CC90C00F45564 /* ButtonDon.swift */,
				62F68746285CCAE100F45564 /* ScrollPurchase.swift */,
				62F68748285CCD2700F45564 /* ScrollBonAchat.swift */,
				62F6874C285CD97C00F45564 /* DetailBonAchat.swift */,
				62F6874E285CDAB600F45564 /* ScrollPayment.swift */,
				62F68752285D03BB00F45564 /* DetailPayment.swift */,
				62F6874A285CD8F500F45564 /* TopScreen.swift */,
				62F68750285D023900F45564 /* RewardView.swift */,
				62F68754285D075600F45564 /* ButtonPayment.swift */,
				62A8C32A285DA4ED00CE251E /* Models */,
				62A8C32B285DA50000CE251E /* Views */,
				672E234C285C7A1900EE809C /* Assets.xcassets */,
				672E234E285C7A1900EE809C /* Preview Content */,
			);
			path = EcoMove;
			sourceTree = "<group>";
		};
		672E234E285C7A1900EE809C /* Preview Content */ = {
			isa = PBXGroup;
			children = (
				672E234F285C7A1900EE809C /* Preview Assets.xcassets */,
			);
			path = "Preview Content";
			sourceTree = "<group>";
		};
		672E2356285C7EE300EE809C /* Struct */ = {
			isa = PBXGroup;
			children = (
				67893C3828606B4700E6D14B /* PickerMaConso.swift */,
				672E235D285C839500EE809C /* StructPoint.swift */,
				672E2359285C82EA00EE809C /* StructProfile.swift */,
				672E2357285C82C300EE809C /* StructReward.swift */,
				672E235B285C833C00EE809C /* StructTransport.swift */,
			);
			path = Struct;
			sourceTree = "<group>";
		};
		676947752863032300EE5C16 /* Graphique */ = {
			isa = PBXGroup;
			children = (
				676947972863157400EE5C16 /* GraphiquePMView.swift */,
				676947952863145400EE5C16 /* GraphiqueEMView.swift */,
				67694776286303E100EE5C16 /* GraphiqueEHView.swift */,
				676947732862FB9B00EE5C16 /* GraphiquePHView.swift */,
			);
			path = Graphique;
			sourceTree = "<group>";
		};
		67893C3028605A1E00E6D14B /* MaConso */ = {
			isa = PBXGroup;
			children = (
				676947752863032300EE5C16 /* Graphique */,
				67893C3A286071F700E6D14B /* MaconsoView.swift */,
				672E2363285CBFA200EE809C /* MaConsoQView.swift */,
				67893C3C28607D7100E6D14B /* MaConsoHView.swift */,
				67694799286315F800EE5C16 /* MaConsoMView.swift */,
			);
			path = MaConso;
			sourceTree = "<group>";
		};
/* End PBXGroup section */

/* Begin PBXNativeTarget section */
		672E2344285C7A1600EE809C /* EcoMove */ = {
			isa = PBXNativeTarget;
			buildConfigurationList = 672E2353285C7A1900EE809C /* Build configuration list for PBXNativeTarget "EcoMove" */;
			buildPhases = (
				672E2341285C7A1600EE809C /* Sources */,
				672E2342285C7A1600EE809C /* Frameworks */,
				672E2343285C7A1600EE809C /* Resources */,
			);
			buildRules = (
			);
			dependencies = (
			);
			name = EcoMove;
			packageProductDependencies = (
				67CB036B2862067D007E648C /* SwiftUICharts */,
			);
			productName = EcoMove;
			productReference = 672E2345285C7A1600EE809C /* EcoMove.app */;
			productType = "com.apple.product-type.application";
		};
/* End PBXNativeTarget section */

/* Begin PBXProject section */
		672E233D285C7A1600EE809C /* Project object */ = {
			isa = PBXProject;
			attributes = {
				BuildIndependentTargetsInParallel = 1;
				LastSwiftUpdateCheck = 1340;
				LastUpgradeCheck = 1340;
				TargetAttributes = {
					672E2344285C7A1600EE809C = {
						CreatedOnToolsVersion = 13.4.1;
					};
				};
			};
			buildConfigurationList = 672E2340285C7A1600EE809C /* Build configuration list for PBXProject "EcoMove" */;
			compatibilityVersion = "Xcode 13.0";
			developmentRegion = en;
			hasScannedForEncodings = 0;
			knownRegions = (
				en,
				Base,
			);
			mainGroup = 672E233C285C7A1600EE809C;
			packageReferences = (
				67CB036A2862067D007E648C /* XCRemoteSwiftPackageReference "SwiftUICharts" */,
			);
			productRefGroup = 672E2346285C7A1600EE809C /* Products */;
			projectDirPath = "";
			projectRoot = "";
			targets = (
				672E2344285C7A1600EE809C /* EcoMove */,
			);
		};
/* End PBXProject section */

/* Begin PBXResourcesBuildPhase section */
		672E2343285C7A1600EE809C /* Resources */ = {
			isa = PBXResourcesBuildPhase;
			buildActionMask = 2147483647;
			files = (
				672E2350285C7A1900EE809C /* Preview Assets.xcassets in Resources */,
				672E234D285C7A1900EE809C /* Assets.xcassets in Resources */,
			);
			runOnlyForDeploymentPostprocessing = 0;
		};
/* End PBXResourcesBuildPhase section */

/* Begin PBXSourcesBuildPhase section */
		672E2341285C7A1600EE809C /* Sources */ = {
			isa = PBXSourcesBuildPhase;
			buildActionMask = 2147483647;
			files = (
				672E235C285C833C00EE809C /* StructTransport.swift in Sources */,
				676947962863145400EE5C16 /* GraphiqueEMView.swift in Sources */,
				62F68747285CCAE100F45564 /* ScrollPurchase.swift in Sources */,
				62F6874F285CDAB600F45564 /* ScrollPayment.swift in Sources */,
				62F68743285CC5C300F45564 /* ButtonReward.swift in Sources */,
				62F6873D285CBCC200F45564 /* StartViews.swift in Sources */,
				672E235A285C82EA00EE809C /* StructProfile.swift in Sources */,
				67893C3928606B4700E6D14B /* PickerMaConso.swift in Sources */,
				672E234B285C7A1600EE809C /* ContentView.swift in Sources */,
				676947742862FB9B00EE5C16 /* GraphiquePHView.swift in Sources */,
				67CB03672862025F007E648C /* Test.swift in Sources */,
				672E2358285C82C300EE809C /* StructReward.swift in Sources */,
				672E2349285C7A1600EE809C /* EcoMoveApp.swift in Sources */,
				67893C3B286071F700E6D14B /* MaconsoView.swift in Sources */,
				67694777286303E100EE5C16 /* GraphiqueEHView.swift in Sources */,
				672E235E285C839500EE809C /* StructPoint.swift in Sources */,
				672E2364285CBFA200EE809C /* MaConsoQView.swift in Sources */,
				676947982863157400EE5C16 /* GraphiquePMView.swift in Sources */,
				6769479A286315F800EE5C16 /* MaConsoMView.swift in Sources */,
				67893C3D28607D7100E6D14B /* MaConsoHView.swift in Sources */,
				62F6874D285CD97C00F45564 /* DetailBonAchat.swift in Sources */,
				62F68755285D075600F45564 /* ButtonPayment.swift in Sources */,
				62F68749285CCD2700F45564 /* ScrollBonAchat.swift in Sources */,
				62F68753285D03BB00F45564 /* DetailPayment.swift in Sources */,
				62F6874B285CD8F500F45564 /* TopScreen.swift in Sources */,
				62F68757285D0D0200F45564 /* HistoryView.swift in Sources */,
				672E2358285C82C300EE809C /* StructReward.swift in Sources */,
				62F68751285D023900F45564 /* RewardView.swift in Sources */,
				672E2349285C7A1600EE809C /* EcoMoveApp.swift in Sources */,
				62F68741285CC30B00F45564 /* DataRewards.swift in Sources */,
				672E235E285C839500EE809C /* StructPoint.swift in Sources */,
				62F68745285CC90C00F45564 /* ButtonDon.swift in Sources */,
			);
			runOnlyForDeploymentPostprocessing = 0;
		};
/* End PBXSourcesBuildPhase section */

/* Begin XCBuildConfiguration section */
		672E2351285C7A1900EE809C /* Debug */ = {
			isa = XCBuildConfiguration;
			buildSettings = {
				ALWAYS_SEARCH_USER_PATHS = NO;
				CLANG_ANALYZER_NONNULL = YES;
				CLANG_ANALYZER_NUMBER_OBJECT_CONVERSION = YES_AGGRESSIVE;
				CLANG_CXX_LANGUAGE_STANDARD = "gnu++17";
				CLANG_ENABLE_MODULES = YES;
				CLANG_ENABLE_OBJC_ARC = YES;
				CLANG_ENABLE_OBJC_WEAK = YES;
				CLANG_WARN_BLOCK_CAPTURE_AUTORELEASING = YES;
				CLANG_WARN_BOOL_CONVERSION = YES;
				CLANG_WARN_COMMA = YES;
				CLANG_WARN_CONSTANT_CONVERSION = YES;
				CLANG_WARN_DEPRECATED_OBJC_IMPLEMENTATIONS = YES;
				CLANG_WARN_DIRECT_OBJC_ISA_USAGE = YES_ERROR;
				CLANG_WARN_DOCUMENTATION_COMMENTS = YES;
				CLANG_WARN_EMPTY_BODY = YES;
				CLANG_WARN_ENUM_CONVERSION = YES;
				CLANG_WARN_INFINITE_RECURSION = YES;
				CLANG_WARN_INT_CONVERSION = YES;
				CLANG_WARN_NON_LITERAL_NULL_CONVERSION = YES;
				CLANG_WARN_OBJC_IMPLICIT_RETAIN_SELF = YES;
				CLANG_WARN_OBJC_LITERAL_CONVERSION = YES;
				CLANG_WARN_OBJC_ROOT_CLASS = YES_ERROR;
				CLANG_WARN_QUOTED_INCLUDE_IN_FRAMEWORK_HEADER = YES;
				CLANG_WARN_RANGE_LOOP_ANALYSIS = YES;
				CLANG_WARN_STRICT_PROTOTYPES = YES;
				CLANG_WARN_SUSPICIOUS_MOVE = YES;
				CLANG_WARN_UNGUARDED_AVAILABILITY = YES_AGGRESSIVE;
				CLANG_WARN_UNREACHABLE_CODE = YES;
				CLANG_WARN__DUPLICATE_METHOD_MATCH = YES;
				COPY_PHASE_STRIP = NO;
				DEBUG_INFORMATION_FORMAT = dwarf;
				ENABLE_STRICT_OBJC_MSGSEND = YES;
				ENABLE_TESTABILITY = YES;
				GCC_C_LANGUAGE_STANDARD = gnu11;
				GCC_DYNAMIC_NO_PIC = NO;
				GCC_NO_COMMON_BLOCKS = YES;
				GCC_OPTIMIZATION_LEVEL = 0;
				GCC_PREPROCESSOR_DEFINITIONS = (
					"DEBUG=1",
					"$(inherited)",
				);
				GCC_WARN_64_TO_32_BIT_CONVERSION = YES;
				GCC_WARN_ABOUT_RETURN_TYPE = YES_ERROR;
				GCC_WARN_UNDECLARED_SELECTOR = YES;
				GCC_WARN_UNINITIALIZED_AUTOS = YES_AGGRESSIVE;
				GCC_WARN_UNUSED_FUNCTION = YES;
				GCC_WARN_UNUSED_VARIABLE = YES;
				IPHONEOS_DEPLOYMENT_TARGET = 15.5;
				MTL_ENABLE_DEBUG_INFO = INCLUDE_SOURCE;
				MTL_FAST_MATH = YES;
				ONLY_ACTIVE_ARCH = YES;
				SDKROOT = iphoneos;
				SWIFT_ACTIVE_COMPILATION_CONDITIONS = DEBUG;
				SWIFT_OPTIMIZATION_LEVEL = "-Onone";
			};
			name = Debug;
		};
		672E2352285C7A1900EE809C /* Release */ = {
			isa = XCBuildConfiguration;
			buildSettings = {
				ALWAYS_SEARCH_USER_PATHS = NO;
				CLANG_ANALYZER_NONNULL = YES;
				CLANG_ANALYZER_NUMBER_OBJECT_CONVERSION = YES_AGGRESSIVE;
				CLANG_CXX_LANGUAGE_STANDARD = "gnu++17";
				CLANG_ENABLE_MODULES = YES;
				CLANG_ENABLE_OBJC_ARC = YES;
				CLANG_ENABLE_OBJC_WEAK = YES;
				CLANG_WARN_BLOCK_CAPTURE_AUTORELEASING = YES;
				CLANG_WARN_BOOL_CONVERSION = YES;
				CLANG_WARN_COMMA = YES;
				CLANG_WARN_CONSTANT_CONVERSION = YES;
				CLANG_WARN_DEPRECATED_OBJC_IMPLEMENTATIONS = YES;
				CLANG_WARN_DIRECT_OBJC_ISA_USAGE = YES_ERROR;
				CLANG_WARN_DOCUMENTATION_COMMENTS = YES;
				CLANG_WARN_EMPTY_BODY = YES;
				CLANG_WARN_ENUM_CONVERSION = YES;
				CLANG_WARN_INFINITE_RECURSION = YES;
				CLANG_WARN_INT_CONVERSION = YES;
				CLANG_WARN_NON_LITERAL_NULL_CONVERSION = YES;
				CLANG_WARN_OBJC_IMPLICIT_RETAIN_SELF = YES;
				CLANG_WARN_OBJC_LITERAL_CONVERSION = YES;
				CLANG_WARN_OBJC_ROOT_CLASS = YES_ERROR;
				CLANG_WARN_QUOTED_INCLUDE_IN_FRAMEWORK_HEADER = YES;
				CLANG_WARN_RANGE_LOOP_ANALYSIS = YES;
				CLANG_WARN_STRICT_PROTOTYPES = YES;
				CLANG_WARN_SUSPICIOUS_MOVE = YES;
				CLANG_WARN_UNGUARDED_AVAILABILITY = YES_AGGRESSIVE;
				CLANG_WARN_UNREACHABLE_CODE = YES;
				CLANG_WARN__DUPLICATE_METHOD_MATCH = YES;
				COPY_PHASE_STRIP = NO;
				DEBUG_INFORMATION_FORMAT = "dwarf-with-dsym";
				ENABLE_NS_ASSERTIONS = NO;
				ENABLE_STRICT_OBJC_MSGSEND = YES;
				GCC_C_LANGUAGE_STANDARD = gnu11;
				GCC_NO_COMMON_BLOCKS = YES;
				GCC_WARN_64_TO_32_BIT_CONVERSION = YES;
				GCC_WARN_ABOUT_RETURN_TYPE = YES_ERROR;
				GCC_WARN_UNDECLARED_SELECTOR = YES;
				GCC_WARN_UNINITIALIZED_AUTOS = YES_AGGRESSIVE;
				GCC_WARN_UNUSED_FUNCTION = YES;
				GCC_WARN_UNUSED_VARIABLE = YES;
				IPHONEOS_DEPLOYMENT_TARGET = 15.5;
				MTL_ENABLE_DEBUG_INFO = NO;
				MTL_FAST_MATH = YES;
				SDKROOT = iphoneos;
				SWIFT_COMPILATION_MODE = wholemodule;
				SWIFT_OPTIMIZATION_LEVEL = "-O";
				VALIDATE_PRODUCT = YES;
			};
			name = Release;
		};
		672E2354285C7A1900EE809C /* Debug */ = {
			isa = XCBuildConfiguration;
			buildSettings = {
				ASSETCATALOG_COMPILER_APPICON_NAME = AppIcon;
				ASSETCATALOG_COMPILER_GLOBAL_ACCENT_COLOR_NAME = AccentColor;
				CODE_SIGN_STYLE = Automatic;
				CURRENT_PROJECT_VERSION = 1;
				DEVELOPMENT_ASSET_PATHS = "\"EcoMove/Preview Content\"";
				ENABLE_PREVIEWS = YES;
				GENERATE_INFOPLIST_FILE = YES;
				INFOPLIST_KEY_UIApplicationSceneManifest_Generation = YES;
				INFOPLIST_KEY_UIApplicationSupportsIndirectInputEvents = YES;
				INFOPLIST_KEY_UILaunchScreen_Generation = YES;
				INFOPLIST_KEY_UISupportedInterfaceOrientations_iPad = "UIInterfaceOrientationPortrait UIInterfaceOrientationPortraitUpsideDown UIInterfaceOrientationLandscapeLeft UIInterfaceOrientationLandscapeRight";
				INFOPLIST_KEY_UISupportedInterfaceOrientations_iPhone = "UIInterfaceOrientationPortrait UIInterfaceOrientationLandscapeLeft UIInterfaceOrientationLandscapeRight";
				IPHONEOS_DEPLOYMENT_TARGET = 15.5;
				LD_RUNPATH_SEARCH_PATHS = (
					"$(inherited)",
					"@executable_path/Frameworks",
				);
				MARKETING_VERSION = 1.0;
				PRODUCT_BUNDLE_IDENTIFIER = Anthony.EcoMove;
				PRODUCT_NAME = "$(TARGET_NAME)";
				SWIFT_EMIT_LOC_STRINGS = YES;
				SWIFT_VERSION = 5.0;
				TARGETED_DEVICE_FAMILY = "1,2";
			};
			name = Debug;
		};
		672E2355285C7A1900EE809C /* Release */ = {
			isa = XCBuildConfiguration;
			buildSettings = {
				ASSETCATALOG_COMPILER_APPICON_NAME = AppIcon;
				ASSETCATALOG_COMPILER_GLOBAL_ACCENT_COLOR_NAME = AccentColor;
				CODE_SIGN_STYLE = Automatic;
				CURRENT_PROJECT_VERSION = 1;
				DEVELOPMENT_ASSET_PATHS = "\"EcoMove/Preview Content\"";
				ENABLE_PREVIEWS = YES;
				GENERATE_INFOPLIST_FILE = YES;
				INFOPLIST_KEY_UIApplicationSceneManifest_Generation = YES;
				INFOPLIST_KEY_UIApplicationSupportsIndirectInputEvents = YES;
				INFOPLIST_KEY_UILaunchScreen_Generation = YES;
				INFOPLIST_KEY_UISupportedInterfaceOrientations_iPad = "UIInterfaceOrientationPortrait UIInterfaceOrientationPortraitUpsideDown UIInterfaceOrientationLandscapeLeft UIInterfaceOrientationLandscapeRight";
				INFOPLIST_KEY_UISupportedInterfaceOrientations_iPhone = "UIInterfaceOrientationPortrait UIInterfaceOrientationLandscapeLeft UIInterfaceOrientationLandscapeRight";
				IPHONEOS_DEPLOYMENT_TARGET = 15.5;
				LD_RUNPATH_SEARCH_PATHS = (
					"$(inherited)",
					"@executable_path/Frameworks",
				);
				MARKETING_VERSION = 1.0;
				PRODUCT_BUNDLE_IDENTIFIER = Anthony.EcoMove;
				PRODUCT_NAME = "$(TARGET_NAME)";
				SWIFT_EMIT_LOC_STRINGS = YES;
				SWIFT_VERSION = 5.0;
				TARGETED_DEVICE_FAMILY = "1,2";
			};
			name = Release;
		};
/* End XCBuildConfiguration section */

/* Begin XCConfigurationList section */
		672E2340285C7A1600EE809C /* Build configuration list for PBXProject "EcoMove" */ = {
			isa = XCConfigurationList;
			buildConfigurations = (
				672E2351285C7A1900EE809C /* Debug */,
				672E2352285C7A1900EE809C /* Release */,
			);
			defaultConfigurationIsVisible = 0;
			defaultConfigurationName = Release;
		};
		672E2353285C7A1900EE809C /* Build configuration list for PBXNativeTarget "EcoMove" */ = {
			isa = XCConfigurationList;
			buildConfigurations = (
				672E2354285C7A1900EE809C /* Debug */,
				672E2355285C7A1900EE809C /* Release */,
			);
			defaultConfigurationIsVisible = 0;
			defaultConfigurationName = Release;
		};
/* End XCConfigurationList section */

/* Begin XCRemoteSwiftPackageReference section */
		67CB036A2862067D007E648C /* XCRemoteSwiftPackageReference "SwiftUICharts" */ = {
			isa = XCRemoteSwiftPackageReference;
			repositoryURL = "https://github.com/willdale/SwiftUICharts#multi-line-chart";
			requirement = {
				kind = upToNextMajorVersion;
				minimumVersion = 2.0.0;
			};
		};
/* End XCRemoteSwiftPackageReference section */

/* Begin XCSwiftPackageProductDependency section */
		67CB036B2862067D007E648C /* SwiftUICharts */ = {
			isa = XCSwiftPackageProductDependency;
			package = 67CB036A2862067D007E648C /* XCRemoteSwiftPackageReference "SwiftUICharts" */;
			productName = SwiftUICharts;
		};
/* End XCSwiftPackageProductDependency section */
	};
	rootObject = 672E233D285C7A1600EE809C /* Project object */;
}
