// !$*UTF8*$!
{
	archiveVersion = 1;
	classes = {
	};
	objectVersion = 55;
	objects = {

/* Begin PBXBuildFile section */
		672E2349285C7A1600EE809C /* EcoMoveApp.swift in Sources */ = {isa = PBXBuildFile; fileRef = 672E2348285C7A1600EE809C /* EcoMoveApp.swift */; };
		672E234B285C7A1600EE809C /* ContentView.swift in Sources */ = {isa = PBXBuildFile; fileRef = 672E234A285C7A1600EE809C /* ContentView.swift */; };
		672E234D285C7A1900EE809C /* Assets.xcassets in Resources */ = {isa = PBXBuildFile; fileRef = 672E234C285C7A1900EE809C /* Assets.xcassets */; };
		672E2350285C7A1900EE809C /* Preview Assets.xcassets in Resources */ = {isa = PBXBuildFile; fileRef = 672E234F285C7A1900EE809C /* Preview Assets.xcassets */; };
		672E2358285C82C300EE809C /* StructReward.swift in Sources */ = {isa = PBXBuildFile; fileRef = 672E2357285C82C300EE809C /* StructReward.swift */; };
		672E235A285C82EA00EE809C /* StructProfile.swift in Sources */ = {isa = PBXBuildFile; fileRef = 672E2359285C82EA00EE809C /* StructProfile.swift */; };
		672E235C285C833C00EE809C /* StructTransport.swift in Sources */ = {isa = PBXBuildFile; fileRef = 672E235B285C833C00EE809C /* StructTransport.swift */; };
		672E235E285C839500EE809C /* StructPoint.swift in Sources */ = {isa = PBXBuildFile; fileRef = 672E235D285C839500EE809C /* StructPoint.swift */; };
		9F409C0D285CB3CE00838CC3 /* MapView.swift in Sources */ = {isa = PBXBuildFile; fileRef = 9F409C0C285CB3CE00838CC3 /* MapView.swift */; };
		9F409C15285CC08E00838CC3 /* ModalViewAdresse.swift in Sources */ = {isa = PBXBuildFile; fileRef = 9F409C14285CC08E00838CC3 /* ModalViewAdresse.swift */; };
		9F409C18285CC0F400838CC3 /* ModalViewTrajet.swift in Sources */ = {isa = PBXBuildFile; fileRef = 9F409C17285CC0F400838CC3 /* ModalViewTrajet.swift */; };
		9F409C1A285CC21000838CC3 /* ModalViewWinPoint.swift in Sources */ = {isa = PBXBuildFile; fileRef = 9F409C19285CC21000838CC3 /* ModalViewWinPoint.swift */; };
		9F409C57285FCEC000838CC3 /* FlexibleSheet.swift in Sources */ = {isa = PBXBuildFile; fileRef = 9F409C56285FCEC000838CC3 /* FlexibleSheet.swift */; };
		9F409C59286074C800838CC3 /* ModalViewTransport.swift in Sources */ = {isa = PBXBuildFile; fileRef = 9F409C58286074C800838CC3 /* ModalViewTransport.swift */; };
		9F409C662861ADE000838CC3 /* DataBaseTransport.swift in Sources */ = {isa = PBXBuildFile; fileRef = 9F409C652861ADE000838CC3 /* DataBaseTransport.swift */; };
		9F409C682861B07500838CC3 /* Map.swift in Sources */ = {isa = PBXBuildFile; fileRef = 9F409C672861B07500838CC3 /* Map.swift */; };
/* End PBXBuildFile section */

/* Begin PBXFileReference section */
		672E2345285C7A1600EE809C /* EcoMove.app */ = {isa = PBXFileReference; explicitFileType = wrapper.application; includeInIndex = 0; path = EcoMove.app; sourceTree = BUILT_PRODUCTS_DIR; };
		672E2348285C7A1600EE809C /* EcoMoveApp.swift */ = {isa = PBXFileReference; lastKnownFileType = sourcecode.swift; path = EcoMoveApp.swift; sourceTree = "<group>"; };
		672E234A285C7A1600EE809C /* ContentView.swift */ = {isa = PBXFileReference; lastKnownFileType = sourcecode.swift; path = ContentView.swift; sourceTree = "<group>"; };
		672E234C285C7A1900EE809C /* Assets.xcassets */ = {isa = PBXFileReference; lastKnownFileType = folder.assetcatalog; path = Assets.xcassets; sourceTree = "<group>"; };
		672E234F285C7A1900EE809C /* Preview Assets.xcassets */ = {isa = PBXFileReference; lastKnownFileType = folder.assetcatalog; path = "Preview Assets.xcassets"; sourceTree = "<group>"; };
		672E2357285C82C300EE809C /* StructReward.swift */ = {isa = PBXFileReference; lastKnownFileType = sourcecode.swift; path = StructReward.swift; sourceTree = "<group>"; };
		672E2359285C82EA00EE809C /* StructProfile.swift */ = {isa = PBXFileReference; lastKnownFileType = sourcecode.swift; path = StructProfile.swift; sourceTree = "<group>"; };
		672E235B285C833C00EE809C /* StructTransport.swift */ = {isa = PBXFileReference; lastKnownFileType = sourcecode.swift; path = StructTransport.swift; sourceTree = "<group>"; };
		672E235D285C839500EE809C /* StructPoint.swift */ = {isa = PBXFileReference; lastKnownFileType = sourcecode.swift; path = StructPoint.swift; sourceTree = "<group>"; };
		9F409C0C285CB3CE00838CC3 /* MapView.swift */ = {isa = PBXFileReference; lastKnownFileType = sourcecode.swift; path = MapView.swift; sourceTree = "<group>"; };
		9F409C14285CC08E00838CC3 /* ModalViewAdresse.swift */ = {isa = PBXFileReference; lastKnownFileType = sourcecode.swift; path = ModalViewAdresse.swift; sourceTree = "<group>"; };
		9F409C17285CC0F400838CC3 /* ModalViewTrajet.swift */ = {isa = PBXFileReference; lastKnownFileType = sourcecode.swift; path = ModalViewTrajet.swift; sourceTree = "<group>"; };
		9F409C19285CC21000838CC3 /* ModalViewWinPoint.swift */ = {isa = PBXFileReference; lastKnownFileType = sourcecode.swift; path = ModalViewWinPoint.swift; sourceTree = "<group>"; };
		9F409C56285FCEC000838CC3 /* FlexibleSheet.swift */ = {isa = PBXFileReference; fileEncoding = 4; lastKnownFileType = sourcecode.swift; path = FlexibleSheet.swift; sourceTree = "<group>"; };
		9F409C58286074C800838CC3 /* ModalViewTransport.swift */ = {isa = PBXFileReference; lastKnownFileType = sourcecode.swift; path = ModalViewTransport.swift; sourceTree = "<group>"; };
		9F409C652861ADE000838CC3 /* DataBaseTransport.swift */ = {isa = PBXFileReference; lastKnownFileType = sourcecode.swift; path = DataBaseTransport.swift; sourceTree = "<group>"; };
		9F409C672861B07500838CC3 /* Map.swift */ = {isa = PBXFileReference; lastKnownFileType = sourcecode.swift; path = Map.swift; sourceTree = "<group>"; };
/* End PBXFileReference section */

/* Begin PBXFrameworksBuildPhase section */
		672E2342285C7A1600EE809C /* Frameworks */ = {
			isa = PBXFrameworksBuildPhase;
			buildActionMask = 2147483647;
			files = (
			);
			runOnlyForDeploymentPostprocessing = 0;
		};
/* End PBXFrameworksBuildPhase section */

/* Begin PBXGroup section */
		672E233C285C7A1600EE809C = {
			isa = PBXGroup;
			children = (
				672E2356285C7EE300EE809C /* Struct */,
				672E2347285C7A1600EE809C /* EcoMove */,
				672E2346285C7A1600EE809C /* Products */,
			);
			sourceTree = "<group>";
		};
		672E2346285C7A1600EE809C /* Products */ = {
			isa = PBXGroup;
			children = (
				672E2345285C7A1600EE809C /* EcoMove.app */,
			);
			name = Products;
			sourceTree = "<group>";
		};
		672E2347285C7A1600EE809C /* EcoMove */ = {
			isa = PBXGroup;
			children = (
				672E2348285C7A1600EE809C /* EcoMoveApp.swift */,
				672E234A285C7A1600EE809C /* ContentView.swift */,
				9F409C13285CC07900838CC3 /* MapView */,
				672E234C285C7A1900EE809C /* Assets.xcassets */,
				672E234E285C7A1900EE809C /* Preview Content */,
			);
			path = EcoMove;
			sourceTree = "<group>";
		};
		672E234E285C7A1900EE809C /* Preview Content */ = {
			isa = PBXGroup;
			children = (
				672E234F285C7A1900EE809C /* Preview Assets.xcassets */,
			);
			path = "Preview Content";
			sourceTree = "<group>";
		};
		672E2356285C7EE300EE809C /* Struct */ = {
			isa = PBXGroup;
			children = (
				672E235D285C839500EE809C /* StructPoint.swift */,
				672E2359285C82EA00EE809C /* StructProfile.swift */,
				672E2357285C82C300EE809C /* StructReward.swift */,
				672E235B285C833C00EE809C /* StructTransport.swift */,
			);
			path = Struct;
			sourceTree = "<group>";
		};
		9F409C13285CC07900838CC3 /* MapView */ = {
			isa = PBXGroup;
			children = (
				9F409C0C285CB3CE00838CC3 /* MapView.swift */,
				9F409C672861B07500838CC3 /* Map.swift */,
				9F409C652861ADE000838CC3 /* DataBaseTransport.swift */,
				9F409C16285CC09300838CC3 /* ModalView */,
			);
			path = MapView;
			sourceTree = "<group>";
		};
		9F409C16285CC09300838CC3 /* ModalView */ = {
			isa = PBXGroup;
			children = (
				9F409C14285CC08E00838CC3 /* ModalViewAdresse.swift */,
				9F409C58286074C800838CC3 /* ModalViewTransport.swift */,
				9F409C17285CC0F400838CC3 /* ModalViewTrajet.swift */,
				9F409C19285CC21000838CC3 /* ModalViewWinPoint.swift */,
				9F409C56285FCEC000838CC3 /* FlexibleSheet.swift */,
			);
			path = ModalView;
			sourceTree = "<group>";
		};
/* End PBXGroup section */

/* Begin PBXNativeTarget section */
		672E2344285C7A1600EE809C /* EcoMove */ = {
			isa = PBXNativeTarget;
			buildConfigurationList = 672E2353285C7A1900EE809C /* Build configuration list for PBXNativeTarget "EcoMove" */;
			buildPhases = (
				672E2341285C7A1600EE809C /* Sources */,
				672E2342285C7A1600EE809C /* Frameworks */,
				672E2343285C7A1600EE809C /* Resources */,
			);
			buildRules = (
			);
			dependencies = (
			);
			name = EcoMove;
			productName = EcoMove;
			productReference = 672E2345285C7A1600EE809C /* EcoMove.app */;
			productType = "com.apple.product-type.application";
		};
/* End PBXNativeTarget section */

/* Begin PBXProject section */
		672E233D285C7A1600EE809C /* Project object */ = {
			isa = PBXProject;
			attributes = {
				BuildIndependentTargetsInParallel = 1;
				LastSwiftUpdateCheck = 1340;
				LastUpgradeCheck = 1340;
				TargetAttributes = {
					672E2344285C7A1600EE809C = {
						CreatedOnToolsVersion = 13.4.1;
					};
				};
			};
			buildConfigurationList = 672E2340285C7A1600EE809C /* Build configuration list for PBXProject "EcoMove" */;
			compatibilityVersion = "Xcode 13.0";
			developmentRegion = en;
			hasScannedForEncodings = 0;
			knownRegions = (
				en,
				Base,
			);
			mainGroup = 672E233C285C7A1600EE809C;
			productRefGroup = 672E2346285C7A1600EE809C /* Products */;
			projectDirPath = "";
			projectRoot = "";
			targets = (
				672E2344285C7A1600EE809C /* EcoMove */,
			);
		};
/* End PBXProject section */

/* Begin PBXResourcesBuildPhase section */
		672E2343285C7A1600EE809C /* Resources */ = {
			isa = PBXResourcesBuildPhase;
			buildActionMask = 2147483647;
			files = (
				672E2350285C7A1900EE809C /* Preview Assets.xcassets in Resources */,
				672E234D285C7A1900EE809C /* Assets.xcassets in Resources */,
			);
			runOnlyForDeploymentPostprocessing = 0;
		};
/* End PBXResourcesBuildPhase section */

/* Begin PBXSourcesBuildPhase section */
		672E2341285C7A1600EE809C /* Sources */ = {
			isa = PBXSourcesBuildPhase;
			buildActionMask = 2147483647;
			files = (
				9F409C15285CC08E00838CC3 /* ModalViewAdresse.swift in Sources */,
				672E235C285C833C00EE809C /* StructTransport.swift in Sources */,
				672E235A285C82EA00EE809C /* StructProfile.swift in Sources */,
				9F409C57285FCEC000838CC3 /* FlexibleSheet.swift in Sources */,
				672E234B285C7A1600EE809C /* ContentView.swift in Sources */,
				9F409C1A285CC21000838CC3 /* ModalViewWinPoint.swift in Sources */,
				9F409C0D285CB3CE00838CC3 /* MapView.swift in Sources */,
				672E2358285C82C300EE809C /* StructReward.swift in Sources */,
				9F409C662861ADE000838CC3 /* DataBaseTransport.swift in Sources */,
				9F409C59286074C800838CC3 /* ModalViewTransport.swift in Sources */,
				9F409C682861B07500838CC3 /* Map.swift in Sources */,
				9F409C18285CC0F400838CC3 /* ModalViewTrajet.swift in Sources */,
				672E2349285C7A1600EE809C /* EcoMoveApp.swift in Sources */,
				672E235E285C839500EE809C /* StructPoint.swift in Sources */,
			);
			runOnlyForDeploymentPostprocessing = 0;
		};
/* End PBXSourcesBuildPhase section */

/* Begin XCBuildConfiguration section */
		672E2351285C7A1900EE809C /* Debug */ = {
			isa = XCBuildConfiguration;
			buildSettings = {
				ALWAYS_SEARCH_USER_PATHS = NO;
				CLANG_ANALYZER_NONNULL = YES;
				CLANG_ANALYZER_NUMBER_OBJECT_CONVERSION = YES_AGGRESSIVE;
				CLANG_CXX_LANGUAGE_STANDARD = "gnu++17";
				CLANG_ENABLE_MODULES = YES;
				CLANG_ENABLE_OBJC_ARC = YES;
				CLANG_ENABLE_OBJC_WEAK = YES;
				CLANG_WARN_BLOCK_CAPTURE_AUTORELEASING = YES;
				CLANG_WARN_BOOL_CONVERSION = YES;
				CLANG_WARN_COMMA = YES;
				CLANG_WARN_CONSTANT_CONVERSION = YES;
				CLANG_WARN_DEPRECATED_OBJC_IMPLEMENTATIONS = YES;
				CLANG_WARN_DIRECT_OBJC_ISA_USAGE = YES_ERROR;
				CLANG_WARN_DOCUMENTATION_COMMENTS = YES;
				CLANG_WARN_EMPTY_BODY = YES;
				CLANG_WARN_ENUM_CONVERSION = YES;
				CLANG_WARN_INFINITE_RECURSION = YES;
				CLANG_WARN_INT_CONVERSION = YES;
				CLANG_WARN_NON_LITERAL_NULL_CONVERSION = YES;
				CLANG_WARN_OBJC_IMPLICIT_RETAIN_SELF = YES;
				CLANG_WARN_OBJC_LITERAL_CONVERSION = YES;
				CLANG_WARN_OBJC_ROOT_CLASS = YES_ERROR;
				CLANG_WARN_QUOTED_INCLUDE_IN_FRAMEWORK_HEADER = YES;
				CLANG_WARN_RANGE_LOOP_ANALYSIS = YES;
				CLANG_WARN_STRICT_PROTOTYPES = YES;
				CLANG_WARN_SUSPICIOUS_MOVE = YES;
				CLANG_WARN_UNGUARDED_AVAILABILITY = YES_AGGRESSIVE;
				CLANG_WARN_UNREACHABLE_CODE = YES;
				CLANG_WARN__DUPLICATE_METHOD_MATCH = YES;
				COPY_PHASE_STRIP = NO;
				DEBUG_INFORMATION_FORMAT = dwarf;
				ENABLE_STRICT_OBJC_MSGSEND = YES;
				ENABLE_TESTABILITY = YES;
				GCC_C_LANGUAGE_STANDARD = gnu11;
				GCC_DYNAMIC_NO_PIC = NO;
				GCC_NO_COMMON_BLOCKS = YES;
				GCC_OPTIMIZATION_LEVEL = 0;
				GCC_PREPROCESSOR_DEFINITIONS = (
					"DEBUG=1",
					"$(inherited)",
				);
				GCC_WARN_64_TO_32_BIT_CONVERSION = YES;
				GCC_WARN_ABOUT_RETURN_TYPE = YES_ERROR;
				GCC_WARN_UNDECLARED_SELECTOR = YES;
				GCC_WARN_UNINITIALIZED_AUTOS = YES_AGGRESSIVE;
				GCC_WARN_UNUSED_FUNCTION = YES;
				GCC_WARN_UNUSED_VARIABLE = YES;
				IPHONEOS_DEPLOYMENT_TARGET = 15.5;
				MTL_ENABLE_DEBUG_INFO = INCLUDE_SOURCE;
				MTL_FAST_MATH = YES;
				ONLY_ACTIVE_ARCH = YES;
				SDKROOT = iphoneos;
				SWIFT_ACTIVE_COMPILATION_CONDITIONS = DEBUG;
				SWIFT_OPTIMIZATION_LEVEL = "-Onone";
			};
			name = Debug;
		};
		672E2352285C7A1900EE809C /* Release */ = {
			isa = XCBuildConfiguration;
			buildSettings = {
				ALWAYS_SEARCH_USER_PATHS = NO;
				CLANG_ANALYZER_NONNULL = YES;
				CLANG_ANALYZER_NUMBER_OBJECT_CONVERSION = YES_AGGRESSIVE;
				CLANG_CXX_LANGUAGE_STANDARD = "gnu++17";
				CLANG_ENABLE_MODULES = YES;
				CLANG_ENABLE_OBJC_ARC = YES;
				CLANG_ENABLE_OBJC_WEAK = YES;
				CLANG_WARN_BLOCK_CAPTURE_AUTORELEASING = YES;
				CLANG_WARN_BOOL_CONVERSION = YES;
				CLANG_WARN_COMMA = YES;
				CLANG_WARN_CONSTANT_CONVERSION = YES;
				CLANG_WARN_DEPRECATED_OBJC_IMPLEMENTATIONS = YES;
				CLANG_WARN_DIRECT_OBJC_ISA_USAGE = YES_ERROR;
				CLANG_WARN_DOCUMENTATION_COMMENTS = YES;
				CLANG_WARN_EMPTY_BODY = YES;
				CLANG_WARN_ENUM_CONVERSION = YES;
				CLANG_WARN_INFINITE_RECURSION = YES;
				CLANG_WARN_INT_CONVERSION = YES;
				CLANG_WARN_NON_LITERAL_NULL_CONVERSION = YES;
				CLANG_WARN_OBJC_IMPLICIT_RETAIN_SELF = YES;
				CLANG_WARN_OBJC_LITERAL_CONVERSION = YES;
				CLANG_WARN_OBJC_ROOT_CLASS = YES_ERROR;
				CLANG_WARN_QUOTED_INCLUDE_IN_FRAMEWORK_HEADER = YES;
				CLANG_WARN_RANGE_LOOP_ANALYSIS = YES;
				CLANG_WARN_STRICT_PROTOTYPES = YES;
				CLANG_WARN_SUSPICIOUS_MOVE = YES;
				CLANG_WARN_UNGUARDED_AVAILABILITY = YES_AGGRESSIVE;
				CLANG_WARN_UNREACHABLE_CODE = YES;
				CLANG_WARN__DUPLICATE_METHOD_MATCH = YES;
				COPY_PHASE_STRIP = NO;
				DEBUG_INFORMATION_FORMAT = "dwarf-with-dsym";
				ENABLE_NS_ASSERTIONS = NO;
				ENABLE_STRICT_OBJC_MSGSEND = YES;
				GCC_C_LANGUAGE_STANDARD = gnu11;
				GCC_NO_COMMON_BLOCKS = YES;
				GCC_WARN_64_TO_32_BIT_CONVERSION = YES;
				GCC_WARN_ABOUT_RETURN_TYPE = YES_ERROR;
				GCC_WARN_UNDECLARED_SELECTOR = YES;
				GCC_WARN_UNINITIALIZED_AUTOS = YES_AGGRESSIVE;
				GCC_WARN_UNUSED_FUNCTION = YES;
				GCC_WARN_UNUSED_VARIABLE = YES;
				IPHONEOS_DEPLOYMENT_TARGET = 15.5;
				MTL_ENABLE_DEBUG_INFO = NO;
				MTL_FAST_MATH = YES;
				SDKROOT = iphoneos;
				SWIFT_COMPILATION_MODE = wholemodule;
				SWIFT_OPTIMIZATION_LEVEL = "-O";
				VALIDATE_PRODUCT = YES;
			};
			name = Release;
		};
		672E2354285C7A1900EE809C /* Debug */ = {
			isa = XCBuildConfiguration;
			buildSettings = {
				ASSETCATALOG_COMPILER_APPICON_NAME = AppIcon;
				ASSETCATALOG_COMPILER_GLOBAL_ACCENT_COLOR_NAME = AccentColor;
				CODE_SIGN_STYLE = Automatic;
				CURRENT_PROJECT_VERSION = 1;
				DEVELOPMENT_ASSET_PATHS = "\"EcoMove/Preview Content\"";
				ENABLE_PREVIEWS = YES;
				GENERATE_INFOPLIST_FILE = YES;
				INFOPLIST_KEY_UIApplicationSceneManifest_Generation = YES;
				INFOPLIST_KEY_UIApplicationSupportsIndirectInputEvents = YES;
				INFOPLIST_KEY_UILaunchScreen_Generation = YES;
				INFOPLIST_KEY_UISupportedInterfaceOrientations_iPad = "UIInterfaceOrientationPortrait UIInterfaceOrientationPortraitUpsideDown UIInterfaceOrientationLandscapeLeft UIInterfaceOrientationLandscapeRight";
				INFOPLIST_KEY_UISupportedInterfaceOrientations_iPhone = "UIInterfaceOrientationPortrait UIInterfaceOrientationLandscapeLeft UIInterfaceOrientationLandscapeRight";
				IPHONEOS_DEPLOYMENT_TARGET = 15.5;
				LD_RUNPATH_SEARCH_PATHS = (
					"$(inherited)",
					"@executable_path/Frameworks",
				);
				MARKETING_VERSION = 1.0;
				PRODUCT_BUNDLE_IDENTIFIER = Anthony.EcoMove;
				PRODUCT_NAME = "$(TARGET_NAME)";
				SWIFT_EMIT_LOC_STRINGS = YES;
				SWIFT_VERSION = 5.0;
				TARGETED_DEVICE_FAMILY = "1,2";
			};
			name = Debug;
		};
		672E2355285C7A1900EE809C /* Release */ = {
			isa = XCBuildConfiguration;
			buildSettings = {
				ASSETCATALOG_COMPILER_APPICON_NAME = AppIcon;
				ASSETCATALOG_COMPILER_GLOBAL_ACCENT_COLOR_NAME = AccentColor;
				CODE_SIGN_STYLE = Automatic;
				CURRENT_PROJECT_VERSION = 1;
				DEVELOPMENT_ASSET_PATHS = "\"EcoMove/Preview Content\"";
				ENABLE_PREVIEWS = YES;
				GENERATE_INFOPLIST_FILE = YES;
				INFOPLIST_KEY_UIApplicationSceneManifest_Generation = YES;
				INFOPLIST_KEY_UIApplicationSupportsIndirectInputEvents = YES;
				INFOPLIST_KEY_UILaunchScreen_Generation = YES;
				INFOPLIST_KEY_UISupportedInterfaceOrientations_iPad = "UIInterfaceOrientationPortrait UIInterfaceOrientationPortraitUpsideDown UIInterfaceOrientationLandscapeLeft UIInterfaceOrientationLandscapeRight";
				INFOPLIST_KEY_UISupportedInterfaceOrientations_iPhone = "UIInterfaceOrientationPortrait UIInterfaceOrientationLandscapeLeft UIInterfaceOrientationLandscapeRight";
				IPHONEOS_DEPLOYMENT_TARGET = 15.5;
				LD_RUNPATH_SEARCH_PATHS = (
					"$(inherited)",
					"@executable_path/Frameworks",
				);
				MARKETING_VERSION = 1.0;
				PRODUCT_BUNDLE_IDENTIFIER = Anthony.EcoMove;
				PRODUCT_NAME = "$(TARGET_NAME)";
				SWIFT_EMIT_LOC_STRINGS = YES;
				SWIFT_VERSION = 5.0;
				TARGETED_DEVICE_FAMILY = "1,2";
			};
			name = Release;
		};
/* End XCBuildConfiguration section */

/* Begin XCConfigurationList section */
		672E2340285C7A1600EE809C /* Build configuration list for PBXProject "EcoMove" */ = {
			isa = XCConfigurationList;
			buildConfigurations = (
				672E2351285C7A1900EE809C /* Debug */,
				672E2352285C7A1900EE809C /* Release */,
			);
			defaultConfigurationIsVisible = 0;
			defaultConfigurationName = Release;
		};
		672E2353285C7A1900EE809C /* Build configuration list for PBXNativeTarget "EcoMove" */ = {
			isa = XCConfigurationList;
			buildConfigurations = (
				672E2354285C7A1900EE809C /* Debug */,
				672E2355285C7A1900EE809C /* Release */,
			);
			defaultConfigurationIsVisible = 0;
			defaultConfigurationName = Release;
		};
/* End XCConfigurationList section */
	};
	rootObject = 672E233D285C7A1600EE809C /* Project object */;
}
