// !$*UTF8*$!
{
	archiveVersion = 1;
	classes = {
	};
	objectVersion = 55;
	objects = {

/* Begin PBXBuildFile section */
		62D05250286C362000141D96 /* TrajetOnMap.swift in Sources */ = {isa = PBXBuildFile; fileRef = 62D0524F286C362000141D96 /* TrajetOnMap.swift */; };
		62D05252286C365600141D96 /* CircleButton.swift in Sources */ = {isa = PBXBuildFile; fileRef = 62D05251286C365600141D96 /* CircleButton.swift */; };
		62DD82122869E0B800A9F683 /* CustomTabBar.swift in Sources */ = {isa = PBXBuildFile; fileRef = 62DD82112869E0B800A9F683 /* CustomTabBar.swift */; };
		62DD82142869E11F00A9F683 /* TabBar.swift in Sources */ = {isa = PBXBuildFile; fileRef = 62DD82132869E11F00A9F683 /* TabBar.swift */; };
		67FA1E40286B2A3C002B14DF /* ModalAdresseView.swift in Sources */ = {isa = PBXBuildFile; fileRef = 67FA1E3F286B2A3C002B14DF /* ModalAdresseView.swift */; };
		9F82DA462869D71000BF6E7C /* FirebaseDatabase in Frameworks */ = {isa = PBXBuildFile; productRef = 9F82DA452869D71000BF6E7C /* FirebaseDatabase */; };
		9F82DA492869D76700BF6E7C /* SwiftUICharts in Frameworks */ = {isa = PBXBuildFile; productRef = 9F82DA482869D76700BF6E7C /* SwiftUICharts */; };
		9F82DA53286B0E3900BF6E7C /* CLLocationHelper.swift in Sources */ = {isa = PBXBuildFile; fileRef = 9F82DA52286B0E3900BF6E7C /* CLLocationHelper.swift */; };
		9F82DA70286C70E600BF6E7C /* ModalViewChemin.swift in Sources */ = {isa = PBXBuildFile; fileRef = 9F82DA6F286C70E600BF6E7C /* ModalViewChemin.swift */; };
		9F82DA72286C882200BF6E7C /* HalfSheet1.swift in Sources */ = {isa = PBXBuildFile; fileRef = 9F82DA71286C882200BF6E7C /* HalfSheet1.swift */; };
		9F82DA76286CA0D600BF6E7C /* PointView.swift in Sources */ = {isa = PBXBuildFile; fileRef = 9F82DA75286CA0D600BF6E7C /* PointView.swift */; };
		B8519CAD2869B49100896105 /* HalfSheet.swift in Sources */ = {isa = PBXBuildFile; fileRef = B8519C642869B49100896105 /* HalfSheet.swift */; };
		B8519CAF2869B49100896105 /* StartViews.swift in Sources */ = {isa = PBXBuildFile; fileRef = B8519C662869B49100896105 /* StartViews.swift */; };
		B8519CB02869B49100896105 /* MaConsoHView.swift in Sources */ = {isa = PBXBuildFile; fileRef = B8519C682869B49100896105 /* MaConsoHView.swift */; };
		B8519CB12869B49100896105 /* MaConsoQView.swift in Sources */ = {isa = PBXBuildFile; fileRef = B8519C692869B49100896105 /* MaConsoQView.swift */; };
		B8519CB22869B49100896105 /* GraphiqueEHView.swift in Sources */ = {isa = PBXBuildFile; fileRef = B8519C6B2869B49100896105 /* GraphiqueEHView.swift */; };
		B8519CB32869B49100896105 /* GraphiquePMView.swift in Sources */ = {isa = PBXBuildFile; fileRef = B8519C6C2869B49100896105 /* GraphiquePMView.swift */; };
		B8519CB42869B49100896105 /* GraphiquePHView.swift in Sources */ = {isa = PBXBuildFile; fileRef = B8519C6D2869B49100896105 /* GraphiquePHView.swift */; };
		B8519CB52869B49100896105 /* GraphiqueEMView.swift in Sources */ = {isa = PBXBuildFile; fileRef = B8519C6E2869B49100896105 /* GraphiqueEMView.swift */; };
		B8519CB62869B49100896105 /* MaconsoView.swift in Sources */ = {isa = PBXBuildFile; fileRef = B8519C6F2869B49100896105 /* MaconsoView.swift */; };
		B8519CB72869B49100896105 /* MaConsoMView.swift in Sources */ = {isa = PBXBuildFile; fileRef = B8519C702869B49100896105 /* MaConsoMView.swift */; };
		B8519CB82869B49100896105 /* HalfSheetManagers.swift in Sources */ = {isa = PBXBuildFile; fileRef = B8519C722869B49100896105 /* HalfSheetManagers.swift */; };
		B8519CB92869B49100896105 /* Assets.xcassets in Resources */ = {isa = PBXBuildFile; fileRef = B8519C732869B49100896105 /* Assets.xcassets */; };
		B8519CBA2869B49100896105 /* GoogleService-Info.plist in Resources */ = {isa = PBXBuildFile; fileRef = B8519C742869B49100896105 /* GoogleService-Info.plist */; };
		B8519CBB2869B49100896105 /* Preview Assets.xcassets in Resources */ = {isa = PBXBuildFile; fileRef = B8519C762869B49100896105 /* Preview Assets.xcassets */; };
		B8519CBC2869B49100896105 /* StructPoint.swift in Sources */ = {isa = PBXBuildFile; fileRef = B8519C782869B49100896105 /* StructPoint.swift */; };
		B8519CBD2869B49100896105 /* StructReward.swift in Sources */ = {isa = PBXBuildFile; fileRef = B8519C792869B49100896105 /* StructReward.swift */; };
		B8519CBE2869B49100896105 /* StructProfile.swift in Sources */ = {isa = PBXBuildFile; fileRef = B8519C7A2869B49100896105 /* StructProfile.swift */; };
		B8519CBF2869B49100896105 /* StructAdresse.swift in Sources */ = {isa = PBXBuildFile; fileRef = B8519C7B2869B49100896105 /* StructAdresse.swift */; };
		B8519CC02869B49100896105 /* StructTransport.swift in Sources */ = {isa = PBXBuildFile; fileRef = B8519C7C2869B49100896105 /* StructTransport.swift */; };
		B8519CC12869B49100896105 /* PickerMaConso.swift in Sources */ = {isa = PBXBuildFile; fileRef = B8519C7D2869B49100896105 /* PickerMaConso.swift */; };
		B8519CC22869B49100896105 /* TransportFile.swift in Sources */ = {isa = PBXBuildFile; fileRef = B8519C7E2869B49100896105 /* TransportFile.swift */; };
		B8519CC32869B49100896105 /* FlexibleSheet.swift in Sources */ = {isa = PBXBuildFile; fileRef = B8519C812869B49100896105 /* FlexibleSheet.swift */; };
		B8519CC42869B49100896105 /* ModalViewWinPoint.swift in Sources */ = {isa = PBXBuildFile; fileRef = B8519C822869B49100896105 /* ModalViewWinPoint.swift */; };
		B8519CC52869B49100896105 /* ModalViewTransport.swift in Sources */ = {isa = PBXBuildFile; fileRef = B8519C832869B49100896105 /* ModalViewTransport.swift */; };
		B8519CC62869B49100896105 /* ModalViewAdresse.swift in Sources */ = {isa = PBXBuildFile; fileRef = B8519C842869B49100896105 /* ModalViewAdresse.swift */; };
		B8519CC72869B49100896105 /* ModalViewTrajet.swift in Sources */ = {isa = PBXBuildFile; fileRef = B8519C852869B49100896105 /* ModalViewTrajet.swift */; };
		B8519CC82869B49100896105 /* MapView.swift in Sources */ = {isa = PBXBuildFile; fileRef = B8519C862869B49100896105 /* MapView.swift */; };
		B8519CCB2869B49100896105 /* TopCardView.swift in Sources */ = {isa = PBXBuildFile; fileRef = B8519C8A2869B49100896105 /* TopCardView.swift */; };
		B8519CCC2869B49100896105 /* CardDonator.swift in Sources */ = {isa = PBXBuildFile; fileRef = B8519C8C2869B49100896105 /* CardDonator.swift */; };
		B8519CCD2869B49100896105 /* ScrollDon.swift in Sources */ = {isa = PBXBuildFile; fileRef = B8519C8D2869B49100896105 /* ScrollDon.swift */; };
		B8519CCE2869B49100896105 /* ButtonDon.swift in Sources */ = {isa = PBXBuildFile; fileRef = B8519C8E2869B49100896105 /* ButtonDon.swift */; };
		B8519CCF2869B49100896105 /* DetailDon.swift in Sources */ = {isa = PBXBuildFile; fileRef = B8519C8F2869B49100896105 /* DetailDon.swift */; };
		B8519CD02869B49100896105 /* ProgressDon.swift in Sources */ = {isa = PBXBuildFile; fileRef = B8519C902869B49100896105 /* ProgressDon.swift */; };
		B8519CD12869B49100896105 /* GiveDon.swift in Sources */ = {isa = PBXBuildFile; fileRef = B8519C912869B49100896105 /* GiveDon.swift */; };
		B8519CD22869B49100896105 /* ScrollPayment.swift in Sources */ = {isa = PBXBuildFile; fileRef = B8519C932869B49100896105 /* ScrollPayment.swift */; };
		B8519CD32869B49100896105 /* ButtonPayment.swift in Sources */ = {isa = PBXBuildFile; fileRef = B8519C942869B49100896105 /* ButtonPayment.swift */; };
		B8519CD42869B49100896105 /* CardPayment.swift in Sources */ = {isa = PBXBuildFile; fileRef = B8519C952869B49100896105 /* CardPayment.swift */; };
		B8519CD52869B49100896105 /* DetailPayment.swift in Sources */ = {isa = PBXBuildFile; fileRef = B8519C962869B49100896105 /* DetailPayment.swift */; };
		B8519CD62869B49100896105 /* DataRewards.swift in Sources */ = {isa = PBXBuildFile; fileRef = B8519C982869B49100896105 /* DataRewards.swift */; };
		B8519CD72869B49100896105 /* RewardView.swift in Sources */ = {isa = PBXBuildFile; fileRef = B8519C992869B49100896105 /* RewardView.swift */; };
		B8519CD82869B49100896105 /* DetailBonAchat.swift in Sources */ = {isa = PBXBuildFile; fileRef = B8519C9B2869B49100896105 /* DetailBonAchat.swift */; };
		B8519CD92869B49100896105 /* ScrollBonAchat.swift in Sources */ = {isa = PBXBuildFile; fileRef = B8519C9C2869B49100896105 /* ScrollBonAchat.swift */; };
		B8519CDA2869B49100896105 /* HistoryTravel.swift in Sources */ = {isa = PBXBuildFile; fileRef = B8519C9E2869B49100896105 /* HistoryTravel.swift */; };
		B8519CDB2869B49100896105 /* HistoryCard.swift in Sources */ = {isa = PBXBuildFile; fileRef = B8519C9F2869B49100896105 /* HistoryCard.swift */; };
		B8519CDC2869B49100896105 /* HistoryView.swift in Sources */ = {isa = PBXBuildFile; fileRef = B8519CA02869B49100896105 /* HistoryView.swift */; };
		B8519CDD2869B49100896105 /* ComingReward.swift in Sources */ = {isa = PBXBuildFile; fileRef = B8519CA22869B49100896105 /* ComingReward.swift */; };
		B8519CDE2869B49100896105 /* ButtonReward.swift in Sources */ = {isa = PBXBuildFile; fileRef = B8519CA32869B49100896105 /* ButtonReward.swift */; };
		B8519CDF2869B49100896105 /* ProfileView.swift in Sources */ = {isa = PBXBuildFile; fileRef = B8519CA52869B49100896105 /* ProfileView.swift */; };
		B8519CE02869B49100896105 /* TransportFavorisView.swift in Sources */ = {isa = PBXBuildFile; fileRef = B8519CA62869B49100896105 /* TransportFavorisView.swift */; };
		B8519CE12869B49100896105 /* TansportPersoButum.swift in Sources */ = {isa = PBXBuildFile; fileRef = B8519CA72869B49100896105 /* TansportPersoButum.swift */; };
		B8519CE22869B49100896105 /* TransportButum.swift in Sources */ = {isa = PBXBuildFile; fileRef = B8519CA82869B49100896105 /* TransportButum.swift */; };
		B8519CE32869B49100896105 /* StructButton.swift in Sources */ = {isa = PBXBuildFile; fileRef = B8519CAA2869B49100896105 /* StructButton.swift */; };
		B8519CE42869B49100896105 /* ButtonView.swift in Sources */ = {isa = PBXBuildFile; fileRef = B8519CAB2869B49100896105 /* ButtonView.swift */; };
		B8519CE52869B49100896105 /* ContentView.swift in Sources */ = {isa = PBXBuildFile; fileRef = B8519CAC2869B49100896105 /* ContentView.swift */; };
		B8519CE72869B4A100896105 /* EcoMoveApp.swift in Sources */ = {isa = PBXBuildFile; fileRef = B8519CE62869B4A100896105 /* EcoMoveApp.swift */; };
/* End PBXBuildFile section */

/* Begin PBXFileReference section */
		62D0524F286C362000141D96 /* TrajetOnMap.swift */ = {isa = PBXFileReference; lastKnownFileType = sourcecode.swift; path = TrajetOnMap.swift; sourceTree = "<group>"; };
		62D05251286C365600141D96 /* CircleButton.swift */ = {isa = PBXFileReference; lastKnownFileType = sourcecode.swift; path = CircleButton.swift; sourceTree = "<group>"; };
		62DD82112869E0B800A9F683 /* CustomTabBar.swift */ = {isa = PBXFileReference; lastKnownFileType = sourcecode.swift; path = CustomTabBar.swift; sourceTree = "<group>"; };
		62DD82132869E11F00A9F683 /* TabBar.swift */ = {isa = PBXFileReference; lastKnownFileType = sourcecode.swift; path = TabBar.swift; sourceTree = "<group>"; };
		672E2345285C7A1600EE809C /* EcoMove.app */ = {isa = PBXFileReference; explicitFileType = wrapper.application; includeInIndex = 0; path = EcoMove.app; sourceTree = BUILT_PRODUCTS_DIR; };
		67FA1E3F286B2A3C002B14DF /* ModalAdresseView.swift */ = {isa = PBXFileReference; lastKnownFileType = sourcecode.swift; path = ModalAdresseView.swift; sourceTree = "<group>"; };
		9F82DA52286B0E3900BF6E7C /* CLLocationHelper.swift */ = {isa = PBXFileReference; fileEncoding = 4; lastKnownFileType = sourcecode.swift; path = CLLocationHelper.swift; sourceTree = "<group>"; };
		9F82DA6F286C70E600BF6E7C /* ModalViewChemin.swift */ = {isa = PBXFileReference; lastKnownFileType = sourcecode.swift; path = ModalViewChemin.swift; sourceTree = "<group>"; };
		9F82DA71286C882200BF6E7C /* HalfSheet1.swift */ = {isa = PBXFileReference; lastKnownFileType = sourcecode.swift; path = HalfSheet1.swift; sourceTree = "<group>"; };
		9F82DA75286CA0D600BF6E7C /* PointView.swift */ = {isa = PBXFileReference; lastKnownFileType = sourcecode.swift; path = PointView.swift; sourceTree = "<group>"; };
		B8519C642869B49100896105 /* HalfSheet.swift */ = {isa = PBXFileReference; fileEncoding = 4; lastKnownFileType = sourcecode.swift; path = HalfSheet.swift; sourceTree = "<group>"; };
		B8519C662869B49100896105 /* StartViews.swift */ = {isa = PBXFileReference; fileEncoding = 4; lastKnownFileType = sourcecode.swift; path = StartViews.swift; sourceTree = "<group>"; };
		B8519C682869B49100896105 /* MaConsoHView.swift */ = {isa = PBXFileReference; fileEncoding = 4; lastKnownFileType = sourcecode.swift; path = MaConsoHView.swift; sourceTree = "<group>"; };
		B8519C692869B49100896105 /* MaConsoQView.swift */ = {isa = PBXFileReference; fileEncoding = 4; lastKnownFileType = sourcecode.swift; path = MaConsoQView.swift; sourceTree = "<group>"; };
		B8519C6B2869B49100896105 /* GraphiqueEHView.swift */ = {isa = PBXFileReference; fileEncoding = 4; lastKnownFileType = sourcecode.swift; path = GraphiqueEHView.swift; sourceTree = "<group>"; };
		B8519C6C2869B49100896105 /* GraphiquePMView.swift */ = {isa = PBXFileReference; fileEncoding = 4; lastKnownFileType = sourcecode.swift; path = GraphiquePMView.swift; sourceTree = "<group>"; };
		B8519C6D2869B49100896105 /* GraphiquePHView.swift */ = {isa = PBXFileReference; fileEncoding = 4; lastKnownFileType = sourcecode.swift; path = GraphiquePHView.swift; sourceTree = "<group>"; };
		B8519C6E2869B49100896105 /* GraphiqueEMView.swift */ = {isa = PBXFileReference; fileEncoding = 4; lastKnownFileType = sourcecode.swift; path = GraphiqueEMView.swift; sourceTree = "<group>"; };
		B8519C6F2869B49100896105 /* MaconsoView.swift */ = {isa = PBXFileReference; fileEncoding = 4; lastKnownFileType = sourcecode.swift; path = MaconsoView.swift; sourceTree = "<group>"; };
		B8519C702869B49100896105 /* MaConsoMView.swift */ = {isa = PBXFileReference; fileEncoding = 4; lastKnownFileType = sourcecode.swift; path = MaConsoMView.swift; sourceTree = "<group>"; };
		B8519C722869B49100896105 /* HalfSheetManagers.swift */ = {isa = PBXFileReference; fileEncoding = 4; lastKnownFileType = sourcecode.swift; path = HalfSheetManagers.swift; sourceTree = "<group>"; };
		B8519C732869B49100896105 /* Assets.xcassets */ = {isa = PBXFileReference; lastKnownFileType = folder.assetcatalog; path = Assets.xcassets; sourceTree = "<group>"; };
		B8519C742869B49100896105 /* GoogleService-Info.plist */ = {isa = PBXFileReference; fileEncoding = 4; lastKnownFileType = text.plist.xml; path = "GoogleService-Info.plist"; sourceTree = "<group>"; };
		B8519C762869B49100896105 /* Preview Assets.xcassets */ = {isa = PBXFileReference; lastKnownFileType = folder.assetcatalog; path = "Preview Assets.xcassets"; sourceTree = "<group>"; };
		B8519C782869B49100896105 /* StructPoint.swift */ = {isa = PBXFileReference; fileEncoding = 4; lastKnownFileType = sourcecode.swift; path = StructPoint.swift; sourceTree = "<group>"; };
		B8519C792869B49100896105 /* StructReward.swift */ = {isa = PBXFileReference; fileEncoding = 4; lastKnownFileType = sourcecode.swift; path = StructReward.swift; sourceTree = "<group>"; };
		B8519C7A2869B49100896105 /* StructProfile.swift */ = {isa = PBXFileReference; fileEncoding = 4; lastKnownFileType = sourcecode.swift; path = StructProfile.swift; sourceTree = "<group>"; };
		B8519C7B2869B49100896105 /* StructAdresse.swift */ = {isa = PBXFileReference; fileEncoding = 4; lastKnownFileType = sourcecode.swift; path = StructAdresse.swift; sourceTree = "<group>"; };
		B8519C7C2869B49100896105 /* StructTransport.swift */ = {isa = PBXFileReference; fileEncoding = 4; lastKnownFileType = sourcecode.swift; path = StructTransport.swift; sourceTree = "<group>"; };
		B8519C7D2869B49100896105 /* PickerMaConso.swift */ = {isa = PBXFileReference; fileEncoding = 4; lastKnownFileType = sourcecode.swift; path = PickerMaConso.swift; sourceTree = "<group>"; };
		B8519C7E2869B49100896105 /* TransportFile.swift */ = {isa = PBXFileReference; fileEncoding = 4; lastKnownFileType = sourcecode.swift; path = TransportFile.swift; sourceTree = "<group>"; };
		B8519C812869B49100896105 /* FlexibleSheet.swift */ = {isa = PBXFileReference; fileEncoding = 4; lastKnownFileType = sourcecode.swift; path = FlexibleSheet.swift; sourceTree = "<group>"; };
		B8519C822869B49100896105 /* ModalViewWinPoint.swift */ = {isa = PBXFileReference; fileEncoding = 4; lastKnownFileType = sourcecode.swift; path = ModalViewWinPoint.swift; sourceTree = "<group>"; };
		B8519C832869B49100896105 /* ModalViewTransport.swift */ = {isa = PBXFileReference; fileEncoding = 4; lastKnownFileType = sourcecode.swift; path = ModalViewTransport.swift; sourceTree = "<group>"; };
		B8519C842869B49100896105 /* ModalViewAdresse.swift */ = {isa = PBXFileReference; fileEncoding = 4; lastKnownFileType = sourcecode.swift; path = ModalViewAdresse.swift; sourceTree = "<group>"; };
		B8519C852869B49100896105 /* ModalViewTrajet.swift */ = {isa = PBXFileReference; fileEncoding = 4; lastKnownFileType = sourcecode.swift; path = ModalViewTrajet.swift; sourceTree = "<group>"; };
		B8519C862869B49100896105 /* MapView.swift */ = {isa = PBXFileReference; fileEncoding = 4; lastKnownFileType = sourcecode.swift; path = MapView.swift; sourceTree = "<group>"; };
		B8519C8A2869B49100896105 /* TopCardView.swift */ = {isa = PBXFileReference; fileEncoding = 4; lastKnownFileType = sourcecode.swift; path = TopCardView.swift; sourceTree = "<group>"; };
		B8519C8C2869B49100896105 /* CardDonator.swift */ = {isa = PBXFileReference; fileEncoding = 4; lastKnownFileType = sourcecode.swift; path = CardDonator.swift; sourceTree = "<group>"; };
		B8519C8D2869B49100896105 /* ScrollDon.swift */ = {isa = PBXFileReference; fileEncoding = 4; lastKnownFileType = sourcecode.swift; path = ScrollDon.swift; sourceTree = "<group>"; };
		B8519C8E2869B49100896105 /* ButtonDon.swift */ = {isa = PBXFileReference; fileEncoding = 4; lastKnownFileType = sourcecode.swift; path = ButtonDon.swift; sourceTree = "<group>"; };
		B8519C8F2869B49100896105 /* DetailDon.swift */ = {isa = PBXFileReference; fileEncoding = 4; lastKnownFileType = sourcecode.swift; path = DetailDon.swift; sourceTree = "<group>"; };
		B8519C902869B49100896105 /* ProgressDon.swift */ = {isa = PBXFileReference; fileEncoding = 4; lastKnownFileType = sourcecode.swift; path = ProgressDon.swift; sourceTree = "<group>"; };
		B8519C912869B49100896105 /* GiveDon.swift */ = {isa = PBXFileReference; fileEncoding = 4; lastKnownFileType = sourcecode.swift; path = GiveDon.swift; sourceTree = "<group>"; };
		B8519C932869B49100896105 /* ScrollPayment.swift */ = {isa = PBXFileReference; fileEncoding = 4; lastKnownFileType = sourcecode.swift; path = ScrollPayment.swift; sourceTree = "<group>"; };
		B8519C942869B49100896105 /* ButtonPayment.swift */ = {isa = PBXFileReference; fileEncoding = 4; lastKnownFileType = sourcecode.swift; path = ButtonPayment.swift; sourceTree = "<group>"; };
		B8519C952869B49100896105 /* CardPayment.swift */ = {isa = PBXFileReference; fileEncoding = 4; lastKnownFileType = sourcecode.swift; path = CardPayment.swift; sourceTree = "<group>"; };
		B8519C962869B49100896105 /* DetailPayment.swift */ = {isa = PBXFileReference; fileEncoding = 4; lastKnownFileType = sourcecode.swift; path = DetailPayment.swift; sourceTree = "<group>"; };
		B8519C982869B49100896105 /* DataRewards.swift */ = {isa = PBXFileReference; fileEncoding = 4; lastKnownFileType = sourcecode.swift; path = DataRewards.swift; sourceTree = "<group>"; };
		B8519C992869B49100896105 /* RewardView.swift */ = {isa = PBXFileReference; fileEncoding = 4; lastKnownFileType = sourcecode.swift; path = RewardView.swift; sourceTree = "<group>"; };
		B8519C9B2869B49100896105 /* DetailBonAchat.swift */ = {isa = PBXFileReference; fileEncoding = 4; lastKnownFileType = sourcecode.swift; path = DetailBonAchat.swift; sourceTree = "<group>"; };
		B8519C9C2869B49100896105 /* ScrollBonAchat.swift */ = {isa = PBXFileReference; fileEncoding = 4; lastKnownFileType = sourcecode.swift; path = ScrollBonAchat.swift; sourceTree = "<group>"; };
		B8519C9E2869B49100896105 /* HistoryTravel.swift */ = {isa = PBXFileReference; fileEncoding = 4; lastKnownFileType = sourcecode.swift; path = HistoryTravel.swift; sourceTree = "<group>"; };
		B8519C9F2869B49100896105 /* HistoryCard.swift */ = {isa = PBXFileReference; fileEncoding = 4; lastKnownFileType = sourcecode.swift; path = HistoryCard.swift; sourceTree = "<group>"; };
		B8519CA02869B49100896105 /* HistoryView.swift */ = {isa = PBXFileReference; fileEncoding = 4; lastKnownFileType = sourcecode.swift; path = HistoryView.swift; sourceTree = "<group>"; };
		B8519CA22869B49100896105 /* ComingReward.swift */ = {isa = PBXFileReference; fileEncoding = 4; lastKnownFileType = sourcecode.swift; path = ComingReward.swift; sourceTree = "<group>"; };
		B8519CA32869B49100896105 /* ButtonReward.swift */ = {isa = PBXFileReference; fileEncoding = 4; lastKnownFileType = sourcecode.swift; path = ButtonReward.swift; sourceTree = "<group>"; };
		B8519CA52869B49100896105 /* ProfileView.swift */ = {isa = PBXFileReference; fileEncoding = 4; lastKnownFileType = sourcecode.swift; path = ProfileView.swift; sourceTree = "<group>"; };
		B8519CA62869B49100896105 /* TransportFavorisView.swift */ = {isa = PBXFileReference; fileEncoding = 4; lastKnownFileType = sourcecode.swift; path = TransportFavorisView.swift; sourceTree = "<group>"; };
		B8519CA72869B49100896105 /* TansportPersoButum.swift */ = {isa = PBXFileReference; fileEncoding = 4; lastKnownFileType = sourcecode.swift; path = TansportPersoButum.swift; sourceTree = "<group>"; };
		B8519CA82869B49100896105 /* TransportButum.swift */ = {isa = PBXFileReference; fileEncoding = 4; lastKnownFileType = sourcecode.swift; path = TransportButum.swift; sourceTree = "<group>"; };
		B8519CAA2869B49100896105 /* StructButton.swift */ = {isa = PBXFileReference; fileEncoding = 4; lastKnownFileType = sourcecode.swift; path = StructButton.swift; sourceTree = "<group>"; };
		B8519CAB2869B49100896105 /* ButtonView.swift */ = {isa = PBXFileReference; fileEncoding = 4; lastKnownFileType = sourcecode.swift; path = ButtonView.swift; sourceTree = "<group>"; };
		B8519CAC2869B49100896105 /* ContentView.swift */ = {isa = PBXFileReference; fileEncoding = 4; lastKnownFileType = sourcecode.swift; path = ContentView.swift; sourceTree = "<group>"; };
		B8519CE62869B4A100896105 /* EcoMoveApp.swift */ = {isa = PBXFileReference; fileEncoding = 4; lastKnownFileType = sourcecode.swift; path = EcoMoveApp.swift; sourceTree = "<group>"; };
/* End PBXFileReference section */

/* Begin PBXFrameworksBuildPhase section */
		672E2342285C7A1600EE809C /* Frameworks */ = {
			isa = PBXFrameworksBuildPhase;
			buildActionMask = 2147483647;
			files = (
				9F82DA462869D71000BF6E7C /* FirebaseDatabase in Frameworks */,
				9F82DA492869D76700BF6E7C /* SwiftUICharts in Frameworks */,
			);
			runOnlyForDeploymentPostprocessing = 0;
		};
/* End PBXFrameworksBuildPhase section */

/* Begin PBXGroup section */
		672E233C285C7A1600EE809C = {
			isa = PBXGroup;
			children = (
				B8519CE62869B4A100896105 /* EcoMoveApp.swift */,
				B8519C622869B49100896105 /* EcoMove */,
				672E2346285C7A1600EE809C /* Products */,
			);
			sourceTree = "<group>";
		};
		672E2346285C7A1600EE809C /* Products */ = {
			isa = PBXGroup;
			children = (
				672E2345285C7A1600EE809C /* EcoMove.app */,
			);
			name = Products;
			sourceTree = "<group>";
		};
		9F82DA54286B427100BF6E7C /* TabBarView */ = {
			isa = PBXGroup;
			children = (
				62DD82112869E0B800A9F683 /* CustomTabBar.swift */,
				62DD82132869E11F00A9F683 /* TabBar.swift */,
			);
			name = TabBarView;
			sourceTree = "<group>";
		};
		B8519C622869B49100896105 /* EcoMove */ = {
			isa = PBXGroup;
			children = (
				B8519CAC2869B49100896105 /* ContentView.swift */,
				B8519C662869B49100896105 /* StartViews.swift */,
				9F82DA54286B427100BF6E7C /* TabBarView */,
				B8519C672869B49100896105 /* MaConso */,
				B8519C712869B49100896105 /* Managers */,
				B8519C772869B49100896105 /* Struct */,
				B8519C7F2869B49100896105 /* MapView */,
				B8519C892869B49100896105 /* Reward */,
				B8519CA42869B49100896105 /* ProfilView */,
				B8519CA92869B49100896105 /* StructBouton */,
				B8519C632869B49100896105 /* ViewModels */,
				B8519C732869B49100896105 /* Assets.xcassets */,
				B8519C742869B49100896105 /* GoogleService-Info.plist */,
				B8519C752869B49100896105 /* Preview Content */,
			);
			path = EcoMove;
			sourceTree = "<group>";
		};
		B8519C632869B49100896105 /* ViewModels */ = {
			isa = PBXGroup;
			children = (
				B8519C642869B49100896105 /* HalfSheet.swift */,
				9F82DA71286C882200BF6E7C /* HalfSheet1.swift */,
			);
			path = ViewModels;
			sourceTree = "<group>";
		};
		B8519C672869B49100896105 /* MaConso */ = {
			isa = PBXGroup;
			children = (
				B8519C682869B49100896105 /* MaConsoHView.swift */,
				B8519C692869B49100896105 /* MaConsoQView.swift */,
				B8519C6A2869B49100896105 /* Graphique */,
				B8519C6F2869B49100896105 /* MaconsoView.swift */,
				B8519C702869B49100896105 /* MaConsoMView.swift */,
			);
			path = MaConso;
			sourceTree = "<group>";
		};
		B8519C6A2869B49100896105 /* Graphique */ = {
			isa = PBXGroup;
			children = (
				B8519C6B2869B49100896105 /* GraphiqueEHView.swift */,
				B8519C6C2869B49100896105 /* GraphiquePMView.swift */,
				B8519C6D2869B49100896105 /* GraphiquePHView.swift */,
				B8519C6E2869B49100896105 /* GraphiqueEMView.swift */,
			);
			path = Graphique;
			sourceTree = "<group>";
		};
		B8519C712869B49100896105 /* Managers */ = {
			isa = PBXGroup;
			children = (
				B8519C722869B49100896105 /* HalfSheetManagers.swift */,
			);
			path = Managers;
			sourceTree = "<group>";
		};
		B8519C752869B49100896105 /* Preview Content */ = {
			isa = PBXGroup;
			children = (
				B8519C762869B49100896105 /* Preview Assets.xcassets */,
			);
			path = "Preview Content";
			sourceTree = "<group>";
		};
		B8519C772869B49100896105 /* Struct */ = {
			isa = PBXGroup;
			children = (
				B8519C782869B49100896105 /* StructPoint.swift */,
				B8519C792869B49100896105 /* StructReward.swift */,
				B8519C7A2869B49100896105 /* StructProfile.swift */,
				B8519C7B2869B49100896105 /* StructAdresse.swift */,
				B8519C7C2869B49100896105 /* StructTransport.swift */,
				B8519C7D2869B49100896105 /* PickerMaConso.swift */,
				B8519C7E2869B49100896105 /* TransportFile.swift */,
			);
			path = Struct;
			sourceTree = "<group>";
		};
		B8519C7F2869B49100896105 /* MapView */ = {
			isa = PBXGroup;
			children = (
				B8519C862869B49100896105 /* MapView.swift */,
				9F82DA75286CA0D600BF6E7C /* PointView.swift */,
				62D05251286C365600141D96 /* CircleButton.swift */,
				62D0524F286C362000141D96 /* TrajetOnMap.swift */,
				9F82DA52286B0E3900BF6E7C /* CLLocationHelper.swift */,
				B8519C802869B49100896105 /* ModalView */,
			);
			path = MapView;
			sourceTree = "<group>";
		};
		B8519C802869B49100896105 /* ModalView */ = {
			isa = PBXGroup;
			children = (
				B8519C812869B49100896105 /* FlexibleSheet.swift */,
				B8519C832869B49100896105 /* ModalViewTransport.swift */,
				B8519C842869B49100896105 /* ModalViewAdresse.swift */,
				B8519C852869B49100896105 /* ModalViewTrajet.swift */,
				9F82DA6F286C70E600BF6E7C /* ModalViewChemin.swift */,
				B8519C822869B49100896105 /* ModalViewWinPoint.swift */,
			);
			path = ModalView;
			sourceTree = "<group>";
		};
		B8519C892869B49100896105 /* Reward */ = {
			isa = PBXGroup;
			children = (
				B8519C8A2869B49100896105 /* TopCardView.swift */,
				B8519C8B2869B49100896105 /* Don */,
				B8519C922869B49100896105 /* Payment */,
				B8519C972869B49100896105 /* Models */,
				B8519C992869B49100896105 /* RewardView.swift */,
				B8519C9A2869B49100896105 /* BonAchat */,
				B8519C9D2869B49100896105 /* History */,
				B8519CA12869B49100896105 /* Reward */,
			);
			path = Reward;
			sourceTree = "<group>";
		};
		B8519C8B2869B49100896105 /* Don */ = {
			isa = PBXGroup;
			children = (
				B8519C8C2869B49100896105 /* CardDonator.swift */,
				B8519C8D2869B49100896105 /* ScrollDon.swift */,
				B8519C8E2869B49100896105 /* ButtonDon.swift */,
				B8519C8F2869B49100896105 /* DetailDon.swift */,
				B8519C902869B49100896105 /* ProgressDon.swift */,
				B8519C912869B49100896105 /* GiveDon.swift */,
			);
			path = Don;
			sourceTree = "<group>";
		};
		B8519C922869B49100896105 /* Payment */ = {
			isa = PBXGroup;
			children = (
				B8519C932869B49100896105 /* ScrollPayment.swift */,
				B8519C942869B49100896105 /* ButtonPayment.swift */,
				B8519C952869B49100896105 /* CardPayment.swift */,
				B8519C962869B49100896105 /* DetailPayment.swift */,
			);
			path = Payment;
			sourceTree = "<group>";
		};
		B8519C972869B49100896105 /* Models */ = {
			isa = PBXGroup;
			children = (
				B8519C982869B49100896105 /* DataRewards.swift */,
			);
			path = Models;
			sourceTree = "<group>";
		};
		B8519C9A2869B49100896105 /* BonAchat */ = {
			isa = PBXGroup;
			children = (
				B8519C9B2869B49100896105 /* DetailBonAchat.swift */,
				B8519C9C2869B49100896105 /* ScrollBonAchat.swift */,
			);
			path = BonAchat;
			sourceTree = "<group>";
		};
		B8519C9D2869B49100896105 /* History */ = {
			isa = PBXGroup;
			children = (
				B8519C9E2869B49100896105 /* HistoryTravel.swift */,
				B8519C9F2869B49100896105 /* HistoryCard.swift */,
				B8519CA02869B49100896105 /* HistoryView.swift */,
			);
			path = History;
			sourceTree = "<group>";
		};
		B8519CA12869B49100896105 /* Reward */ = {
			isa = PBXGroup;
			children = (
				B8519CA22869B49100896105 /* ComingReward.swift */,
				B8519CA32869B49100896105 /* ButtonReward.swift */,
			);
			path = Reward;
			sourceTree = "<group>";
		};
		B8519CA42869B49100896105 /* ProfilView */ = {
			isa = PBXGroup;
			children = (
				B8519CA52869B49100896105 /* ProfileView.swift */,
				B8519CA62869B49100896105 /* TransportFavorisView.swift */,
				B8519CA72869B49100896105 /* TansportPersoButum.swift */,
				B8519CA82869B49100896105 /* TransportButum.swift */,
				67FA1E3F286B2A3C002B14DF /* ModalAdresseView.swift */,
			);
			path = ProfilView;
			sourceTree = "<group>";
		};
		B8519CA92869B49100896105 /* StructBouton */ = {
			isa = PBXGroup;
			children = (
				B8519CAA2869B49100896105 /* StructButton.swift */,
				B8519CAB2869B49100896105 /* ButtonView.swift */,
			);
			path = StructBouton;
			sourceTree = "<group>";
		};
/* End PBXGroup section */

/* Begin PBXNativeTarget section */
		672E2344285C7A1600EE809C /* EcoMove */ = {
			isa = PBXNativeTarget;
			buildConfigurationList = 672E2353285C7A1900EE809C /* Build configuration list for PBXNativeTarget "EcoMove" */;
			buildPhases = (
				672E2341285C7A1600EE809C /* Sources */,
				672E2342285C7A1600EE809C /* Frameworks */,
				672E2343285C7A1600EE809C /* Resources */,
			);
			buildRules = (
			);
			dependencies = (
			);
			name = EcoMove;
			packageProductDependencies = (
				9F82DA452869D71000BF6E7C /* FirebaseDatabase */,
				9F82DA482869D76700BF6E7C /* SwiftUICharts */,
			);
			productName = EcoMove;
			productReference = 672E2345285C7A1600EE809C /* EcoMove.app */;
			productType = "com.apple.product-type.application";
		};
/* End PBXNativeTarget section */

/* Begin PBXProject section */
		672E233D285C7A1600EE809C /* Project object */ = {
			isa = PBXProject;
			attributes = {
				BuildIndependentTargetsInParallel = 1;
				LastSwiftUpdateCheck = 1340;
				LastUpgradeCheck = 1340;
				TargetAttributes = {
					672E2344285C7A1600EE809C = {
						CreatedOnToolsVersion = 13.4.1;
					};
				};
			};
			buildConfigurationList = 672E2340285C7A1600EE809C /* Build configuration list for PBXProject "EcoMove" */;
			compatibilityVersion = "Xcode 13.0";
			developmentRegion = en;
			hasScannedForEncodings = 0;
			knownRegions = (
				en,
				Base,
			);
			mainGroup = 672E233C285C7A1600EE809C;
			packageReferences = (
				9F82DA442869D71000BF6E7C /* XCRemoteSwiftPackageReference "firebase-ios-sdk" */,
				9F82DA472869D76700BF6E7C /* XCRemoteSwiftPackageReference "SwiftUICharts" */,
			);
			productRefGroup = 672E2346285C7A1600EE809C /* Products */;
			projectDirPath = "";
			projectRoot = "";
			targets = (
				672E2344285C7A1600EE809C /* EcoMove */,
			);
		};
/* End PBXProject section */

/* Begin PBXResourcesBuildPhase section */
		672E2343285C7A1600EE809C /* Resources */ = {
			isa = PBXResourcesBuildPhase;
			buildActionMask = 2147483647;
			files = (
				B8519CB92869B49100896105 /* Assets.xcassets in Resources */,
				B8519CBB2869B49100896105 /* Preview Assets.xcassets in Resources */,
				B8519CBA2869B49100896105 /* GoogleService-Info.plist in Resources */,
			);
			runOnlyForDeploymentPostprocessing = 0;
		};
/* End PBXResourcesBuildPhase section */

/* Begin PBXSourcesBuildPhase section */
		672E2341285C7A1600EE809C /* Sources */ = {
			isa = PBXSourcesBuildPhase;
			buildActionMask = 2147483647;
			files = (
				B8519CD12869B49100896105 /* GiveDon.swift in Sources */,
				B8519CCC2869B49100896105 /* CardDonator.swift in Sources */,
				B8519CB82869B49100896105 /* HalfSheetManagers.swift in Sources */,
				B8519CD72869B49100896105 /* RewardView.swift in Sources */,
				62DD82122869E0B800A9F683 /* CustomTabBar.swift in Sources */,
				B8519CCD2869B49100896105 /* ScrollDon.swift in Sources */,
				B8519CB02869B49100896105 /* MaConsoHView.swift in Sources */,
				B8519CC32869B49100896105 /* FlexibleSheet.swift in Sources */,
				B8519CDC2869B49100896105 /* HistoryView.swift in Sources */,
				B8519CB42869B49100896105 /* GraphiquePHView.swift in Sources */,
				B8519CDB2869B49100896105 /* HistoryCard.swift in Sources */,
				B8519CC52869B49100896105 /* ModalViewTransport.swift in Sources */,
				B8519CD32869B49100896105 /* ButtonPayment.swift in Sources */,
				B8519CB12869B49100896105 /* MaConsoQView.swift in Sources */,
				B8519CCE2869B49100896105 /* ButtonDon.swift in Sources */,
				9F82DA76286CA0D600BF6E7C /* PointView.swift in Sources */,
				B8519CE52869B49100896105 /* ContentView.swift in Sources */,
				B8519CD52869B49100896105 /* DetailPayment.swift in Sources */,
				B8519CBE2869B49100896105 /* StructProfile.swift in Sources */,
				9F82DA53286B0E3900BF6E7C /* CLLocationHelper.swift in Sources */,
				B8519CB22869B49100896105 /* GraphiqueEHView.swift in Sources */,
				62DD82142869E11F00A9F683 /* TabBar.swift in Sources */,
				B8519CD22869B49100896105 /* ScrollPayment.swift in Sources */,
				B8519CBD2869B49100896105 /* StructReward.swift in Sources */,
				B8519CDA2869B49100896105 /* HistoryTravel.swift in Sources */,
				B8519CC22869B49100896105 /* TransportFile.swift in Sources */,
				9F82DA70286C70E600BF6E7C /* ModalViewChemin.swift in Sources */,
				B8519CAD2869B49100896105 /* HalfSheet.swift in Sources */,
				B8519CC82869B49100896105 /* MapView.swift in Sources */,
				B8519CB32869B49100896105 /* GraphiquePMView.swift in Sources */,
				62D05250286C362000141D96 /* TrajetOnMap.swift in Sources */,
				B8519CD92869B49100896105 /* ScrollBonAchat.swift in Sources */,
				62D05252286C365600141D96 /* CircleButton.swift in Sources */,
				B8519CBF2869B49100896105 /* StructAdresse.swift in Sources */,
				B8519CBC2869B49100896105 /* StructPoint.swift in Sources */,
				B8519CE22869B49100896105 /* TransportButum.swift in Sources */,
				B8519CC12869B49100896105 /* PickerMaConso.swift in Sources */,
				B8519CDD2869B49100896105 /* ComingReward.swift in Sources */,
				B8519CD42869B49100896105 /* CardPayment.swift in Sources */,
				67FA1E40286B2A3C002B14DF /* ModalAdresseView.swift in Sources */,
				B8519CC62869B49100896105 /* ModalViewAdresse.swift in Sources */,
				9F82DA72286C882200BF6E7C /* HalfSheet1.swift in Sources */,
				B8519CB62869B49100896105 /* MaconsoView.swift in Sources */,
				B8519CC72869B49100896105 /* ModalViewTrajet.swift in Sources */,
				B8519CC42869B49100896105 /* ModalViewWinPoint.swift in Sources */,
				B8519CB52869B49100896105 /* GraphiqueEMView.swift in Sources */,
				B8519CDE2869B49100896105 /* ButtonReward.swift in Sources */,
				B8519CCB2869B49100896105 /* TopCardView.swift in Sources */,
				B8519CDF2869B49100896105 /* ProfileView.swift in Sources */,
				B8519CE42869B49100896105 /* ButtonView.swift in Sources */,
				B8519CE72869B4A100896105 /* EcoMoveApp.swift in Sources */,
				B8519CE32869B49100896105 /* StructButton.swift in Sources */,
				B8519CD02869B49100896105 /* ProgressDon.swift in Sources */,
				B8519CD82869B49100896105 /* DetailBonAchat.swift in Sources */,
				B8519CE02869B49100896105 /* TransportFavorisView.swift in Sources */,
				B8519CE12869B49100896105 /* TansportPersoButum.swift in Sources */,
				B8519CB72869B49100896105 /* MaConsoMView.swift in Sources */,
				B8519CAF2869B49100896105 /* StartViews.swift in Sources */,
				B8519CCF2869B49100896105 /* DetailDon.swift in Sources */,
				B8519CD62869B49100896105 /* DataRewards.swift in Sources */,
				B8519CC02869B49100896105 /* StructTransport.swift in Sources */,
			);
			runOnlyForDeploymentPostprocessing = 0;
		};
/* End PBXSourcesBuildPhase section */

/* Begin XCBuildConfiguration section */
		672E2351285C7A1900EE809C /* Debug */ = {
			isa = XCBuildConfiguration;
			buildSettings = {
				ALWAYS_SEARCH_USER_PATHS = NO;
				CLANG_ANALYZER_NONNULL = YES;
				CLANG_ANALYZER_NUMBER_OBJECT_CONVERSION = YES_AGGRESSIVE;
				CLANG_CXX_LANGUAGE_STANDARD = "gnu++17";
				CLANG_ENABLE_MODULES = YES;
				CLANG_ENABLE_OBJC_ARC = YES;
				CLANG_ENABLE_OBJC_WEAK = YES;
				CLANG_WARN_BLOCK_CAPTURE_AUTORELEASING = YES;
				CLANG_WARN_BOOL_CONVERSION = YES;
				CLANG_WARN_COMMA = YES;
				CLANG_WARN_CONSTANT_CONVERSION = YES;
				CLANG_WARN_DEPRECATED_OBJC_IMPLEMENTATIONS = YES;
				CLANG_WARN_DIRECT_OBJC_ISA_USAGE = YES_ERROR;
				CLANG_WARN_DOCUMENTATION_COMMENTS = YES;
				CLANG_WARN_EMPTY_BODY = YES;
				CLANG_WARN_ENUM_CONVERSION = YES;
				CLANG_WARN_INFINITE_RECURSION = YES;
				CLANG_WARN_INT_CONVERSION = YES;
				CLANG_WARN_NON_LITERAL_NULL_CONVERSION = YES;
				CLANG_WARN_OBJC_IMPLICIT_RETAIN_SELF = YES;
				CLANG_WARN_OBJC_LITERAL_CONVERSION = YES;
				CLANG_WARN_OBJC_ROOT_CLASS = YES_ERROR;
				CLANG_WARN_QUOTED_INCLUDE_IN_FRAMEWORK_HEADER = YES;
				CLANG_WARN_RANGE_LOOP_ANALYSIS = YES;
				CLANG_WARN_STRICT_PROTOTYPES = YES;
				CLANG_WARN_SUSPICIOUS_MOVE = YES;
				CLANG_WARN_UNGUARDED_AVAILABILITY = YES_AGGRESSIVE;
				CLANG_WARN_UNREACHABLE_CODE = YES;
				CLANG_WARN__DUPLICATE_METHOD_MATCH = YES;
				COPY_PHASE_STRIP = NO;
				DEBUG_INFORMATION_FORMAT = dwarf;
				ENABLE_STRICT_OBJC_MSGSEND = YES;
				ENABLE_TESTABILITY = YES;
				GCC_C_LANGUAGE_STANDARD = gnu11;
				GCC_DYNAMIC_NO_PIC = NO;
				GCC_NO_COMMON_BLOCKS = YES;
				GCC_OPTIMIZATION_LEVEL = 0;
				GCC_PREPROCESSOR_DEFINITIONS = (
					"DEBUG=1",
					"$(inherited)",
				);
				GCC_WARN_64_TO_32_BIT_CONVERSION = YES;
				GCC_WARN_ABOUT_RETURN_TYPE = YES_ERROR;
				GCC_WARN_UNDECLARED_SELECTOR = YES;
				GCC_WARN_UNINITIALIZED_AUTOS = YES_AGGRESSIVE;
				GCC_WARN_UNUSED_FUNCTION = YES;
				GCC_WARN_UNUSED_VARIABLE = YES;
				IPHONEOS_DEPLOYMENT_TARGET = 15.5;
				MTL_ENABLE_DEBUG_INFO = INCLUDE_SOURCE;
				MTL_FAST_MATH = YES;
				ONLY_ACTIVE_ARCH = YES;
				SDKROOT = iphoneos;
				SWIFT_ACTIVE_COMPILATION_CONDITIONS = DEBUG;
				SWIFT_OPTIMIZATION_LEVEL = "-Onone";
			};
			name = Debug;
		};
		672E2352285C7A1900EE809C /* Release */ = {
			isa = XCBuildConfiguration;
			buildSettings = {
				ALWAYS_SEARCH_USER_PATHS = NO;
				CLANG_ANALYZER_NONNULL = YES;
				CLANG_ANALYZER_NUMBER_OBJECT_CONVERSION = YES_AGGRESSIVE;
				CLANG_CXX_LANGUAGE_STANDARD = "gnu++17";
				CLANG_ENABLE_MODULES = YES;
				CLANG_ENABLE_OBJC_ARC = YES;
				CLANG_ENABLE_OBJC_WEAK = YES;
				CLANG_WARN_BLOCK_CAPTURE_AUTORELEASING = YES;
				CLANG_WARN_BOOL_CONVERSION = YES;
				CLANG_WARN_COMMA = YES;
				CLANG_WARN_CONSTANT_CONVERSION = YES;
				CLANG_WARN_DEPRECATED_OBJC_IMPLEMENTATIONS = YES;
				CLANG_WARN_DIRECT_OBJC_ISA_USAGE = YES_ERROR;
				CLANG_WARN_DOCUMENTATION_COMMENTS = YES;
				CLANG_WARN_EMPTY_BODY = YES;
				CLANG_WARN_ENUM_CONVERSION = YES;
				CLANG_WARN_INFINITE_RECURSION = YES;
				CLANG_WARN_INT_CONVERSION = YES;
				CLANG_WARN_NON_LITERAL_NULL_CONVERSION = YES;
				CLANG_WARN_OBJC_IMPLICIT_RETAIN_SELF = YES;
				CLANG_WARN_OBJC_LITERAL_CONVERSION = YES;
				CLANG_WARN_OBJC_ROOT_CLASS = YES_ERROR;
				CLANG_WARN_QUOTED_INCLUDE_IN_FRAMEWORK_HEADER = YES;
				CLANG_WARN_RANGE_LOOP_ANALYSIS = YES;
				CLANG_WARN_STRICT_PROTOTYPES = YES;
				CLANG_WARN_SUSPICIOUS_MOVE = YES;
				CLANG_WARN_UNGUARDED_AVAILABILITY = YES_AGGRESSIVE;
				CLANG_WARN_UNREACHABLE_CODE = YES;
				CLANG_WARN__DUPLICATE_METHOD_MATCH = YES;
				COPY_PHASE_STRIP = NO;
				DEBUG_INFORMATION_FORMAT = "dwarf-with-dsym";
				ENABLE_NS_ASSERTIONS = NO;
				ENABLE_STRICT_OBJC_MSGSEND = YES;
				GCC_C_LANGUAGE_STANDARD = gnu11;
				GCC_NO_COMMON_BLOCKS = YES;
				GCC_WARN_64_TO_32_BIT_CONVERSION = YES;
				GCC_WARN_ABOUT_RETURN_TYPE = YES_ERROR;
				GCC_WARN_UNDECLARED_SELECTOR = YES;
				GCC_WARN_UNINITIALIZED_AUTOS = YES_AGGRESSIVE;
				GCC_WARN_UNUSED_FUNCTION = YES;
				GCC_WARN_UNUSED_VARIABLE = YES;
				IPHONEOS_DEPLOYMENT_TARGET = 15.5;
				MTL_ENABLE_DEBUG_INFO = NO;
				MTL_FAST_MATH = YES;
				SDKROOT = iphoneos;
				SWIFT_COMPILATION_MODE = wholemodule;
				SWIFT_OPTIMIZATION_LEVEL = "-O";
				VALIDATE_PRODUCT = YES;
			};
			name = Release;
		};
		672E2354285C7A1900EE809C /* Debug */ = {
			isa = XCBuildConfiguration;
			buildSettings = {
				ASSETCATALOG_COMPILER_APPICON_NAME = AppIcon;
				ASSETCATALOG_COMPILER_GLOBAL_ACCENT_COLOR_NAME = AccentColor;
				CODE_SIGN_STYLE = Automatic;
				CURRENT_PROJECT_VERSION = 1;
				DEVELOPMENT_ASSET_PATHS = "\"EcoMove/Preview Content\"";
				DEVELOPMENT_TEAM = "";
				ENABLE_PREVIEWS = YES;
				GENERATE_INFOPLIST_FILE = YES;
				INFOPLIST_KEY_NSLocationWhenInUseUsageDescription = "On a besoin de votre localisation";
				INFOPLIST_KEY_UIApplicationSceneManifest_Generation = YES;
				INFOPLIST_KEY_UIApplicationSupportsIndirectInputEvents = YES;
				INFOPLIST_KEY_UILaunchScreen_Generation = YES;
				INFOPLIST_KEY_UISupportedInterfaceOrientations_iPad = "UIInterfaceOrientationPortrait UIInterfaceOrientationPortraitUpsideDown UIInterfaceOrientationLandscapeLeft UIInterfaceOrientationLandscapeRight";
				INFOPLIST_KEY_UISupportedInterfaceOrientations_iPhone = "UIInterfaceOrientationPortrait UIInterfaceOrientationLandscapeLeft UIInterfaceOrientationLandscapeRight";
				IPHONEOS_DEPLOYMENT_TARGET = 15.5;
				LD_RUNPATH_SEARCH_PATHS = (
					"$(inherited)",
					"@executable_path/Frameworks",
				);
				MARKETING_VERSION = 1.0;
				PRODUCT_BUNDLE_IDENTIFIER = Anthony.EcoMove;
				PRODUCT_NAME = "$(TARGET_NAME)";
				SWIFT_EMIT_LOC_STRINGS = YES;
				SWIFT_VERSION = 5.0;
				TARGETED_DEVICE_FAMILY = "1,2";
			};
			name = Debug;
		};
		672E2355285C7A1900EE809C /* Release */ = {
			isa = XCBuildConfiguration;
			buildSettings = {
				ASSETCATALOG_COMPILER_APPICON_NAME = AppIcon;
				ASSETCATALOG_COMPILER_GLOBAL_ACCENT_COLOR_NAME = AccentColor;
				CODE_SIGN_STYLE = Automatic;
				CURRENT_PROJECT_VERSION = 1;
				DEVELOPMENT_ASSET_PATHS = "\"EcoMove/Preview Content\"";
				DEVELOPMENT_TEAM = "";
				ENABLE_PREVIEWS = YES;
				GENERATE_INFOPLIST_FILE = YES;
				INFOPLIST_KEY_NSLocationWhenInUseUsageDescription = "On a besoin de votre localisation";
				INFOPLIST_KEY_UIApplicationSceneManifest_Generation = YES;
				INFOPLIST_KEY_UIApplicationSupportsIndirectInputEvents = YES;
				INFOPLIST_KEY_UILaunchScreen_Generation = YES;
				INFOPLIST_KEY_UISupportedInterfaceOrientations_iPad = "UIInterfaceOrientationPortrait UIInterfaceOrientationPortraitUpsideDown UIInterfaceOrientationLandscapeLeft UIInterfaceOrientationLandscapeRight";
				INFOPLIST_KEY_UISupportedInterfaceOrientations_iPhone = "UIInterfaceOrientationPortrait UIInterfaceOrientationLandscapeLeft UIInterfaceOrientationLandscapeRight";
				IPHONEOS_DEPLOYMENT_TARGET = 15.5;
				LD_RUNPATH_SEARCH_PATHS = (
					"$(inherited)",
					"@executable_path/Frameworks",
				);
				MARKETING_VERSION = 1.0;
				PRODUCT_BUNDLE_IDENTIFIER = Anthony.EcoMove;
				PRODUCT_NAME = "$(TARGET_NAME)";
				SWIFT_EMIT_LOC_STRINGS = YES;
				SWIFT_VERSION = 5.0;
				TARGETED_DEVICE_FAMILY = "1,2";
			};
			name = Release;
		};
/* End XCBuildConfiguration section */

/* Begin XCConfigurationList section */
		672E2340285C7A1600EE809C /* Build configuration list for PBXProject "EcoMove" */ = {
			isa = XCConfigurationList;
			buildConfigurations = (
				672E2351285C7A1900EE809C /* Debug */,
				672E2352285C7A1900EE809C /* Release */,
			);
			defaultConfigurationIsVisible = 0;
			defaultConfigurationName = Release;
		};
		672E2353285C7A1900EE809C /* Build configuration list for PBXNativeTarget "EcoMove" */ = {
			isa = XCConfigurationList;
			buildConfigurations = (
				672E2354285C7A1900EE809C /* Debug */,
				672E2355285C7A1900EE809C /* Release */,
			);
			defaultConfigurationIsVisible = 0;
			defaultConfigurationName = Release;
		};
/* End XCConfigurationList section */

/* Begin XCRemoteSwiftPackageReference section */
		9F82DA442869D71000BF6E7C /* XCRemoteSwiftPackageReference "firebase-ios-sdk" */ = {
			isa = XCRemoteSwiftPackageReference;
			repositoryURL = "https://github.com/firebase/firebase-ios-sdk";
			requirement = {
				kind = upToNextMajorVersion;
				minimumVersion = 9.0.0;
			};
		};
		9F82DA472869D76700BF6E7C /* XCRemoteSwiftPackageReference "SwiftUICharts" */ = {
			isa = XCRemoteSwiftPackageReference;
			repositoryURL = "https://github.com/willdale/SwiftUICharts.git";
			requirement = {
				kind = upToNextMajorVersion;
				minimumVersion = 2.0.0;
			};
		};
/* End XCRemoteSwiftPackageReference section */

/* Begin XCSwiftPackageProductDependency section */
		9F82DA452869D71000BF6E7C /* FirebaseDatabase */ = {
			isa = XCSwiftPackageProductDependency;
			package = 9F82DA442869D71000BF6E7C /* XCRemoteSwiftPackageReference "firebase-ios-sdk" */;
			productName = FirebaseDatabase;
		};
		9F82DA482869D76700BF6E7C /* SwiftUICharts */ = {
			isa = XCSwiftPackageProductDependency;
			package = 9F82DA472869D76700BF6E7C /* XCRemoteSwiftPackageReference "SwiftUICharts" */;
			productName = SwiftUICharts;
		};
/* End XCSwiftPackageProductDependency section */
	};
	rootObject = 672E233D285C7A1600EE809C /* Project object */;
}
